// !$*UTF8*$!
{
	archiveVersion = 1;
	classes = {
	};
	objectVersion = 42;
	objects = {

/* Begin PBXBuildFile section */
		490780CC0BDE747700504827 /* graphics_opengl.cpp in Sources */ = {isa = PBXBuildFile; fileRef = 490780CA0BDE747700504827 /* graphics_opengl.cpp */; };
		49B2FEC50BE3928500386500 /* soundsystem_sdlmixer.cpp in Sources */ = {isa = PBXBuildFile; fileRef = 49B2FEC10BE3928500386500 /* soundsystem_sdlmixer.cpp */; };
		49B2FEC70BE3928500386500 /* soundsystem_openal.cpp in Sources */ = {isa = PBXBuildFile; fileRef = 49B2FEC30BE3928500386500 /* soundsystem_openal.cpp */; };
		B01BDEA80FF2C66B00626AD7 /* version.cpp in Sources */ = {isa = PBXBuildFile; fileRef = B01BDEA60FF2C66B00626AD7 /* version.cpp */; };
		B020E66F101A157F0040E736 /* SDL.framework in Frameworks */ = {isa = PBXBuildFile; fileRef = B020E66C101A157F0040E736 /* SDL.framework */; };
		B020E670101A157F0040E736 /* SDL_image.framework in Frameworks */ = {isa = PBXBuildFile; fileRef = B020E66D101A157F0040E736 /* SDL_image.framework */; };
		B020E671101A157F0040E736 /* SDL_mixer.framework in Frameworks */ = {isa = PBXBuildFile; fileRef = B020E66E101A157F0040E736 /* SDL_mixer.framework */; };
		B020F04D101A35450040E736 /* libftgl-static.a in Frameworks */ = {isa = PBXBuildFile; fileRef = B020EF86101A2B3F0040E736 /* libftgl-static.a */; };
		B020F055101A35630040E736 /* libFreetype2.a in Frameworks */ = {isa = PBXBuildFile; fileRef = B020F054101A355E0040E736 /* libFreetype2.a */; };
		B020F059101A359A0040E736 /* collide.cpp in Sources */ = {isa = PBXBuildFile; fileRef = B020F057101A359A0040E736 /* collide.cpp */; };
		B0426EAD0DA96BBB005A0E89 /* AppKit.framework in Frameworks */ = {isa = PBXBuildFile; fileRef = B0426EAB0DA96BBB005A0E89 /* AppKit.framework */; };
		B0426EAE0DA96BBB005A0E89 /* Carbon.framework in Frameworks */ = {isa = PBXBuildFile; fileRef = B0426EAC0DA96BBB005A0E89 /* Carbon.framework */; };
		B04270280DA96C18005A0E89 /* databuffer.cpp in Sources */ = {isa = PBXBuildFile; fileRef = B04270260DA96C18005A0E89 /* databuffer.cpp */; };
		B04A58190DBDDA9F00A2F292 /* opengl.cpp in Sources */ = {isa = PBXBuildFile; fileRef = B04A58150DBDDA9F00A2F292 /* opengl.cpp */; };
		B04A581A0DBDDA9F00A2F292 /* texture.cpp in Sources */ = {isa = PBXBuildFile; fileRef = B04A58170DBDDA9F00A2F292 /* texture.cpp */; };
		B05708E40DB219920071B5B7 /* debug_utils.cpp in Sources */ = {isa = PBXBuildFile; fileRef = B05708DE0DB219920071B5B7 /* debug_utils.cpp */; };
		B05708E50DB219920071B5B7 /* preferences.cpp in Sources */ = {isa = PBXBuildFile; fileRef = B05708E00DB219920071B5B7 /* preferences.cpp */; };
		B05708E60DB219920071B5B7 /* text_stream_readers.cpp in Sources */ = {isa = PBXBuildFile; fileRef = B05708E20DB219920071B5B7 /* text_stream_readers.cpp */; };
		B05708F40DB219FF0071B5B7 /* error_window.cpp in Sources */ = {isa = PBXBuildFile; fileRef = B05708F10DB219FF0071B5B7 /* error_window.cpp */; };
		B065FA841031FF89006D7A4F /* data in Resources */ = {isa = PBXBuildFile; fileRef = B065FA7D1031FF88006D7A4F /* data */; };
		B065FBDE10321FFA006D7A4F /* libGLEW.a in Frameworks */ = {isa = PBXBuildFile; fileRef = B065FBC610321F7B006D7A4F /* libGLEW.a */; };
		B07EEE9E0BEEEA770005CD3D /* net_crisscross.cpp in Sources */ = {isa = PBXBuildFile; fileRef = B07EEE940BEEEA770005CD3D /* net_crisscross.cpp */; };
		B07EEEA20BEEEA770005CD3D /* net.cpp in Sources */ = {isa = PBXBuildFile; fileRef = B07EEE980BEEEA770005CD3D /* net.cpp */; };
		B07EEEA40BEEEA770005CD3D /* packet.cpp in Sources */ = {isa = PBXBuildFile; fileRef = B07EEE9A0BEEEA770005CD3D /* packet.cpp */; };
		B087F3140DB98F08007568B9 /* surface.cpp in Sources */ = {isa = PBXBuildFile; fileRef = B087F3120DB98F08007568B9 /* surface.cpp */; };
		B09B59400EAC2F36003F4C0B /* libCrissCross Static.a in Frameworks */ = {isa = PBXBuildFile; fileRef = B09B593C0EAC2EF7003F4C0B /* libCrissCross Static.a */; };
		B0A200000DB0B0A100C9BD5C /* match.cpp in Sources */ = {isa = PBXBuildFile; fileRef = B0A2FFA20DB0B0A100C9BD5C /* match.cpp */; };
		B0A200020DB0B0A100C9BD5C /* options.cpp in Sources */ = {isa = PBXBuildFile; fileRef = B0A2FFA60DB0B0A100C9BD5C /* options.cpp */; };
		B0A200040DB0B0A100C9BD5C /* pathfn.cpp in Sources */ = {isa = PBXBuildFile; fileRef = B0A2FFAA0DB0B0A100C9BD5C /* pathfn.cpp */; };
		B0A200060DB0B0A100C9BD5C /* rarvm.cpp in Sources */ = {isa = PBXBuildFile; fileRef = B0A2FFB40DB0B0A100C9BD5C /* rarvm.cpp */; };
		B0A200080DB0B0A100C9BD5C /* rawread.cpp in Sources */ = {isa = PBXBuildFile; fileRef = B0A2FFB70DB0B0A100C9BD5C /* rawread.cpp */; };
		B0A200090DB0B0A100C9BD5C /* rdwrfn.cpp in Sources */ = {isa = PBXBuildFile; fileRef = B0A2FFB90DB0B0A100C9BD5C /* rdwrfn.cpp */; };
		B0A2000B0DB0B0A100C9BD5C /* recvol.cpp in Sources */ = {isa = PBXBuildFile; fileRef = B0A2FFBC0DB0B0A100C9BD5C /* recvol.cpp */; };
		B0A2000C0DB0B0A100C9BD5C /* resource.cpp in Sources */ = {isa = PBXBuildFile; fileRef = B0A2FFBE0DB0B0A100C9BD5C /* resource.cpp */; };
		B0A2000D0DB0B0A100C9BD5C /* rijndael.cpp in Sources */ = {isa = PBXBuildFile; fileRef = B0A2FFC00DB0B0A100C9BD5C /* rijndael.cpp */; };
		B0A2000E0DB0B0A100C9BD5C /* rs.cpp in Sources */ = {isa = PBXBuildFile; fileRef = B0A2FFC20DB0B0A100C9BD5C /* rs.cpp */; };
		B0A2000F0DB0B0A100C9BD5C /* savepos.cpp in Sources */ = {isa = PBXBuildFile; fileRef = B0A2FFC40DB0B0A100C9BD5C /* savepos.cpp */; };
		B0A200100DB0B0A100C9BD5C /* scantree.cpp in Sources */ = {isa = PBXBuildFile; fileRef = B0A2FFC60DB0B0A100C9BD5C /* scantree.cpp */; };
		B0A200110DB0B0A100C9BD5C /* sha1.cpp in Sources */ = {isa = PBXBuildFile; fileRef = B0A2FFC80DB0B0A100C9BD5C /* sha1.cpp */; };
		B0A200130DB0B0A100C9BD5C /* strfn.cpp in Sources */ = {isa = PBXBuildFile; fileRef = B0A2FFCC0DB0B0A100C9BD5C /* strfn.cpp */; };
		B0A200140DB0B0A100C9BD5C /* strlist.cpp in Sources */ = {isa = PBXBuildFile; fileRef = B0A2FFCE0DB0B0A100C9BD5C /* strlist.cpp */; };
		B0A200160DB0B0A100C9BD5C /* system.cpp in Sources */ = {isa = PBXBuildFile; fileRef = B0A2FFD20DB0B0A100C9BD5C /* system.cpp */; };
		B0A200170DB0B0A100C9BD5C /* timefn.cpp in Sources */ = {isa = PBXBuildFile; fileRef = B0A2FFD40DB0B0A100C9BD5C /* timefn.cpp */; };
		B0A200180DB0B0A100C9BD5C /* ulinks.cpp in Sources */ = {isa = PBXBuildFile; fileRef = B0A2FFD60DB0B0A100C9BD5C /* ulinks.cpp */; };
		B0A200190DB0B0A100C9BD5C /* unicode.cpp in Sources */ = {isa = PBXBuildFile; fileRef = B0A2FFD80DB0B0A100C9BD5C /* unicode.cpp */; };
		B0A2001B0DB0B0A100C9BD5C /* unpack.cpp in Sources */ = {isa = PBXBuildFile; fileRef = B0A2FFDB0DB0B0A100C9BD5C /* unpack.cpp */; };
		B0A2001E0DB0B0A100C9BD5C /* unrar.cpp in Sources */ = {isa = PBXBuildFile; fileRef = B0A2FFDF0DB0B0A100C9BD5C /* unrar.cpp */; };
		B0A200200DB0B0A100C9BD5C /* volume.cpp in Sources */ = {isa = PBXBuildFile; fileRef = B0A2FFE30DB0B0A100C9BD5C /* volume.cpp */; };
		B0A2002B0DB0B28A00C9BD5C /* smallfn.cpp in Sources */ = {isa = PBXBuildFile; fileRef = B0A200290DB0B28A00C9BD5C /* smallfn.cpp */; };
		B0A2002F0DB0B47A00C9BD5C /* cerberus.icns in Resources */ = {isa = PBXBuildFile; fileRef = B0A2002E0DB0B47A00C9BD5C /* cerberus.icns */; };
		B0A2FF660DB0AEEE00C9BD5C /* binary_stream_readers.cpp in Sources */ = {isa = PBXBuildFile; fileRef = B0A2FF620DB0AEEE00C9BD5C /* binary_stream_readers.cpp */; };
		B0A2FF670DB0AEEE00C9BD5C /* resource.cpp in Sources */ = {isa = PBXBuildFile; fileRef = B0A2FF640DB0AEEE00C9BD5C /* resource.cpp */; };
		B0A2FFE60DB0B0A100C9BD5C /* archive.cpp in Sources */ = {isa = PBXBuildFile; fileRef = B0A2FF6E0DB0B0A100C9BD5C /* archive.cpp */; };
		B0A2FFE70DB0B0A100C9BD5C /* arcread.cpp in Sources */ = {isa = PBXBuildFile; fileRef = B0A2FF700DB0B0A100C9BD5C /* arcread.cpp */; };
		B0A2FFE90DB0B0A100C9BD5C /* cmddata.cpp in Sources */ = {isa = PBXBuildFile; fileRef = B0A2FF730DB0B0A100C9BD5C /* cmddata.cpp */; };
		B0A2FFEB0DB0B0A100C9BD5C /* consio.cpp in Sources */ = {isa = PBXBuildFile; fileRef = B0A2FF780DB0B0A100C9BD5C /* consio.cpp */; };
		B0A2FFEC0DB0B0A100C9BD5C /* crc.cpp in Sources */ = {isa = PBXBuildFile; fileRef = B0A2FF7A0DB0B0A100C9BD5C /* crc.cpp */; };
		B0A2FFED0DB0B0A100C9BD5C /* crypt.cpp in Sources */ = {isa = PBXBuildFile; fileRef = B0A2FF7C0DB0B0A100C9BD5C /* crypt.cpp */; };
		B0A2FFF00DB0B0A100C9BD5C /* encname.cpp in Sources */ = {isa = PBXBuildFile; fileRef = B0A2FF810DB0B0A100C9BD5C /* encname.cpp */; };
		B0A2FFF10DB0B0A100C9BD5C /* errhnd.cpp in Sources */ = {isa = PBXBuildFile; fileRef = B0A2FF830DB0B0A100C9BD5C /* errhnd.cpp */; };
		B0A2FFF20DB0B0A100C9BD5C /* extinfo.cpp in Sources */ = {isa = PBXBuildFile; fileRef = B0A2FF850DB0B0A100C9BD5C /* extinfo.cpp */; };
		B0A2FFF30DB0B0A100C9BD5C /* extract.cpp in Sources */ = {isa = PBXBuildFile; fileRef = B0A2FF870DB0B0A100C9BD5C /* extract.cpp */; };
		B0A2FFF40DB0B0A100C9BD5C /* filcreat.cpp in Sources */ = {isa = PBXBuildFile; fileRef = B0A2FF890DB0B0A100C9BD5C /* filcreat.cpp */; };
		B0A2FFF50DB0B0A100C9BD5C /* file.cpp in Sources */ = {isa = PBXBuildFile; fileRef = B0A2FF8B0DB0B0A100C9BD5C /* file.cpp */; };
		B0A2FFF60DB0B0A100C9BD5C /* filefn.cpp in Sources */ = {isa = PBXBuildFile; fileRef = B0A2FF8D0DB0B0A100C9BD5C /* filefn.cpp */; };
		B0A2FFF70DB0B0A100C9BD5C /* filestr.cpp in Sources */ = {isa = PBXBuildFile; fileRef = B0A2FF8F0DB0B0A100C9BD5C /* filestr.cpp */; };
		B0A2FFF80DB0B0A100C9BD5C /* find.cpp in Sources */ = {isa = PBXBuildFile; fileRef = B0A2FF910DB0B0A100C9BD5C /* find.cpp */; };
		B0A2FFF90DB0B0A100C9BD5C /* getbits.cpp in Sources */ = {isa = PBXBuildFile; fileRef = B0A2FF930DB0B0A100C9BD5C /* getbits.cpp */; };
		B0A2FFFA0DB0B0A100C9BD5C /* global.cpp in Sources */ = {isa = PBXBuildFile; fileRef = B0A2FF950DB0B0A100C9BD5C /* global.cpp */; };
		B0A2FFFC0DB0B0A100C9BD5C /* isnt.cpp in Sources */ = {isa = PBXBuildFile; fileRef = B0A2FF9A0DB0B0A100C9BD5C /* isnt.cpp */; };
		B0A2FFFE0DB0B0A100C9BD5C /* list.cpp in Sources */ = {isa = PBXBuildFile; fileRef = B0A2FF9D0DB0B0A100C9BD5C /* list.cpp */; };
		B0AC6D210DD2EE5100976666 /* texture_opengl.cpp in Sources */ = {isa = PBXBuildFile; fileRef = B0AC6D1D0DD2EE5100976666 /* texture_opengl.cpp */; };
		B0B8E92C0BDB4F3A007C1576 /* app.cpp in Sources */ = {isa = PBXBuildFile; fileRef = B0B8E8CF0BDB4DDF007C1576 /* app.cpp */; };
		B0B8E92D0BDB4F59007C1576 /* cerberus.cpp in Sources */ = {isa = PBXBuildFile; fileRef = B0B8E9190BDB4E51007C1576 /* cerberus.cpp */; };
		B0B8E9300BDB4F5C007C1576 /* button.cpp in Sources */ = {isa = PBXBuildFile; fileRef = B0B8E9010BDB4E1A007C1576 /* button.cpp */; };
		B0B8E9320BDB4F61007C1576 /* file_utils.cpp in Sources */ = {isa = PBXBuildFile; fileRef = B0B8E8D10BDB4DDF007C1576 /* file_utils.cpp */; };
		B0B8E9330BDB4F63007C1576 /* game.cpp in Sources */ = {isa = PBXBuildFile; fileRef = B0B8E8ED0BDB4E00007C1576 /* game.cpp */; };
		B0B8E9340BDB4F65007C1576 /* graphics.cpp in Sources */ = {isa = PBXBuildFile; fileRef = B0B8E8FF0BDB4E0D007C1576 /* graphics.cpp */; };
		B0B8E9380BDB4F69007C1576 /* inputwidget.cpp in Sources */ = {isa = PBXBuildFile; fileRef = B0B8E9030BDB4E1A007C1576 /* inputwidget.cpp */; };
		B0B8E9390BDB4F6B007C1576 /* interface.cpp in Sources */ = {isa = PBXBuildFile; fileRef = B0B8E9050BDB4E1A007C1576 /* interface.cpp */; };
		B0B8E9450BDB4F7F007C1576 /* soundsystem.cpp in Sources */ = {isa = PBXBuildFile; fileRef = B0B8E9130BDB4E2E007C1576 /* soundsystem.cpp */; };
		B0B8E9480BDB4F82007C1576 /* string_utils.cpp in Sources */ = {isa = PBXBuildFile; fileRef = B0B8E8DB0BDB4DDF007C1576 /* string_utils.cpp */; };
		B0B8E9490BDB4F83007C1576 /* text.cpp in Sources */ = {isa = PBXBuildFile; fileRef = B0B8E90D0BDB4E1A007C1576 /* text.cpp */; };
		B0B8E94A0BDB4F84007C1576 /* universal_include.cpp in Sources */ = {isa = PBXBuildFile; fileRef = B0B8E9170BDB4E49007C1576 /* universal_include.cpp */; };
		B0B8E94C0BDB4F87007C1576 /* widget.cpp in Sources */ = {isa = PBXBuildFile; fileRef = B0B8E90F0BDB4E1A007C1576 /* widget.cpp */; };
		B0B8E94D0BDB4F87007C1576 /* window.cpp in Sources */ = {isa = PBXBuildFile; fileRef = B0B8E9110BDB4E1A007C1576 /* window.cpp */; };
		B0B8EB9B0BDB6227007C1576 /* OpenGL.framework in Frameworks */ = {isa = PBXBuildFile; fileRef = B0B8EB9A0BDB6227007C1576 /* OpenGL.framework */; };
		B0B8ECFA0BDB6337007C1576 /* libz.dylib in Frameworks */ = {isa = PBXBuildFile; fileRef = B0B8ECF90BDB6337007C1576 /* libz.dylib */; };
		B0BD2E160BE2745E00F71A26 /* SDLMain.m in Sources */ = {isa = PBXBuildFile; fileRef = B0BD2E140BE2745E00F71A26 /* SDLMain.m */; };
		B0ED6F8D10357A2F008D004F /* animation.cpp in Sources */ = {isa = PBXBuildFile; fileRef = B0ED6F8510357A2F008D004F /* animation.cpp */; };
		B0ED6F8E10357A2F008D004F /* expirewidget.cpp in Sources */ = {isa = PBXBuildFile; fileRef = B0ED6F8710357A2F008D004F /* expirewidget.cpp */; };
		B0ED6F8F10357A2F008D004F /* fade.cpp in Sources */ = {isa = PBXBuildFile; fileRef = B0ED6F8910357A2F008D004F /* fade.cpp */; };
		B0ED6F9010357A2F008D004F /* rotate.cpp in Sources */ = {isa = PBXBuildFile; fileRef = B0ED6F8B10357A2F008D004F /* rotate.cpp */; };
		B0F90D130F02E7AA005446D6 /* soundsystem_null.cpp in Sources */ = {isa = PBXBuildFile; fileRef = B0F90D110F02E7AA005446D6 /* soundsystem_null.cpp */; };
		B0F90D1A0F02E7BC005446D6 /* font.cpp in Sources */ = {isa = PBXBuildFile; fileRef = B0F90D140F02E7BB005446D6 /* font.cpp */; };
		B0F90D1C0F02E7BC005446D6 /* font_opengl.cpp in Sources */ = {isa = PBXBuildFile; fileRef = B0F90D180F02E7BC005446D6 /* font_opengl.cpp */; };
/* End PBXBuildFile section */

/* Begin PBXContainerItemProxy section */
		B020EF85101A2B3F0040E736 /* PBXContainerItemProxy */ = {
			isa = PBXContainerItemProxy;
			containerPortal = B020ED7E101A262D0040E736 /* FTGL.xcodeproj */;
			proxyType = 2;
			remoteGlobalIDString = B020EF83101A2B3E0040E736;
			remoteInfo = "ftgl-static";
		};
		B020F03A101A2B960040E736 /* PBXContainerItemProxy */ = {
			isa = PBXContainerItemProxy;
			containerPortal = B020ED7E101A262D0040E736 /* FTGL.xcodeproj */;
			proxyType = 1;
			remoteGlobalIDString = B020EF82101A2B3E0040E736;
			remoteInfo = "ftgl-static";
		};
		B020F053101A355E0040E736 /* PBXContainerItemProxy */ = {
			isa = PBXContainerItemProxy;
			containerPortal = B020F04F101A355E0040E736 /* Freetype2.xcodeproj */;
			proxyType = 2;
			remoteGlobalIDString = D2AAC046055464E500DB518D;
			remoteInfo = Freetype2;
		};
		B065FBC510321F7B006D7A4F /* PBXContainerItemProxy */ = {
			isa = PBXContainerItemProxy;
			containerPortal = B065FBBE10321F7B006D7A4F /* GLEW.xcodeproj */;
			proxyType = 2;
			remoteGlobalIDString = D2AAC046055464E500DB518D;
			remoteInfo = GLEW;
		};
		B065FBD710321FEB006D7A4F /* PBXContainerItemProxy */ = {
			isa = PBXContainerItemProxy;
			containerPortal = B065FBBE10321F7B006D7A4F /* GLEW.xcodeproj */;
			proxyType = 1;
			remoteGlobalIDString = D2AAC045055464E500DB518D;
			remoteInfo = GLEW;
		};
		B09B593B0EAC2EF7003F4C0B /* PBXContainerItemProxy */ = {
			isa = PBXContainerItemProxy;
			containerPortal = B09B59330EAC2EF7003F4C0B /* CrissCross.xcodeproj */;
			proxyType = 2;
			remoteGlobalIDString = B0BD2C480BE26BDC00F71A26;
			remoteInfo = "CrissCross Static";
		};
		B09B593D0EAC2F23003F4C0B /* PBXContainerItemProxy */ = {
			isa = PBXContainerItemProxy;
			containerPortal = B09B59330EAC2EF7003F4C0B /* CrissCross.xcodeproj */;
			proxyType = 1;
			remoteGlobalIDString = B0BD2C470BE26BDB00F71A26;
			remoteInfo = "CrissCross Static";
		};
/* End PBXContainerItemProxy section */

/* Begin PBXCopyFilesBuildPhase section */
		B0B8ED040BDB6393007C1576 /* Copy Frameworks */ = {
			isa = PBXCopyFilesBuildPhase;
			buildActionMask = 2147483647;
			dstPath = "";
			dstSubfolderSpec = 10;
			files = (
			);
			name = "Copy Frameworks";
			runOnlyForDeploymentPostprocessing = 0;
		};
/* End PBXCopyFilesBuildPhase section */

/* Begin PBXFileReference section */
		490780C90BDE747700504827 /* graphics_opengl.h */ = {isa = PBXFileReference; fileEncoding = 30; lastKnownFileType = sourcecode.c.h; name = graphics_opengl.h; path = ../../source/Graphics/graphics_opengl.h; sourceTree = "<group>"; };
		490780CA0BDE747700504827 /* graphics_opengl.cpp */ = {isa = PBXFileReference; fileEncoding = 30; lastKnownFileType = sourcecode.cpp.cpp; name = graphics_opengl.cpp; path = ../../source/Graphics/graphics_opengl.cpp; sourceTree = "<group>"; };
		49B2FEC00BE3928500386500 /* soundsystem_sdlmixer.h */ = {isa = PBXFileReference; fileEncoding = 30; lastKnownFileType = sourcecode.c.h; name = soundsystem_sdlmixer.h; path = ../../source/Sound/soundsystem_sdlmixer.h; sourceTree = "<group>"; };
		49B2FEC10BE3928500386500 /* soundsystem_sdlmixer.cpp */ = {isa = PBXFileReference; fileEncoding = 30; lastKnownFileType = sourcecode.cpp.cpp; name = soundsystem_sdlmixer.cpp; path = ../../source/Sound/soundsystem_sdlmixer.cpp; sourceTree = "<group>"; };
		49B2FEC20BE3928500386500 /* soundsystem_openal.h */ = {isa = PBXFileReference; fileEncoding = 30; lastKnownFileType = sourcecode.c.h; name = soundsystem_openal.h; path = ../../source/Sound/soundsystem_openal.h; sourceTree = "<group>"; };
		49B2FEC30BE3928500386500 /* soundsystem_openal.cpp */ = {isa = PBXFileReference; fileEncoding = 30; lastKnownFileType = sourcecode.cpp.cpp; name = soundsystem_openal.cpp; path = ../../source/Sound/soundsystem_openal.cpp; sourceTree = "<group>"; };
		B019F7A0102F736D008A3A8A /* color.h */ = {isa = PBXFileReference; fileEncoding = 4; lastKnownFileType = sourcecode.c.h; name = color.h; path = ../../source/Graphics/color.h; sourceTree = SOURCE_ROOT; };
		B01BDEA60FF2C66B00626AD7 /* version.cpp */ = {isa = PBXFileReference; fileEncoding = 4; lastKnownFileType = sourcecode.cpp.cpp; name = version.cpp; path = ../../source/App/version.cpp; sourceTree = SOURCE_ROOT; };
		B01BDEA70FF2C66B00626AD7 /* version.h */ = {isa = PBXFileReference; fileEncoding = 4; lastKnownFileType = sourcecode.c.h; name = version.h; path = ../../source/App/version.h; sourceTree = SOURCE_ROOT; };
		B01BDEAD0FF2C6E300626AD7 /* archive.h */ = {isa = PBXFileReference; fileEncoding = 4; lastKnownFileType = sourcecode.c.h; name = archive.h; path = ../../contrib/unrar/archive.h; sourceTree = SOURCE_ROOT; };
		B01BDEAE0FF2C6E300626AD7 /* array.h */ = {isa = PBXFileReference; fileEncoding = 4; lastKnownFileType = sourcecode.c.h; name = array.h; path = ../../contrib/unrar/array.h; sourceTree = SOURCE_ROOT; };
		B01BDEAF0FF2C6E300626AD7 /* cmddata.h */ = {isa = PBXFileReference; fileEncoding = 4; lastKnownFileType = sourcecode.c.h; name = cmddata.h; path = ../../contrib/unrar/cmddata.h; sourceTree = SOURCE_ROOT; };
		B01BDEB00FF2C6E300626AD7 /* compress.h */ = {isa = PBXFileReference; fileEncoding = 4; lastKnownFileType = sourcecode.c.h; name = compress.h; path = ../../contrib/unrar/compress.h; sourceTree = SOURCE_ROOT; };
		B01BDEB10FF2C6E300626AD7 /* consio.h */ = {isa = PBXFileReference; fileEncoding = 4; lastKnownFileType = sourcecode.c.h; name = consio.h; path = ../../contrib/unrar/consio.h; sourceTree = SOURCE_ROOT; };
		B01BDEB20FF2C6E300626AD7 /* crc.h */ = {isa = PBXFileReference; fileEncoding = 4; lastKnownFileType = sourcecode.c.h; name = crc.h; path = ../../contrib/unrar/crc.h; sourceTree = SOURCE_ROOT; };
		B01BDEB30FF2C6E300626AD7 /* crypt.h */ = {isa = PBXFileReference; fileEncoding = 4; lastKnownFileType = sourcecode.c.h; name = crypt.h; path = ../../contrib/unrar/crypt.h; sourceTree = SOURCE_ROOT; };
		B01BDEB40FF2C6E300626AD7 /* encname.h */ = {isa = PBXFileReference; fileEncoding = 4; lastKnownFileType = sourcecode.c.h; name = encname.h; path = ../../contrib/unrar/encname.h; sourceTree = SOURCE_ROOT; };
		B01BDEB50FF2C6E300626AD7 /* errhnd.h */ = {isa = PBXFileReference; fileEncoding = 4; lastKnownFileType = sourcecode.c.h; name = errhnd.h; path = ../../contrib/unrar/errhnd.h; sourceTree = SOURCE_ROOT; };
		B01BDEB60FF2C6E300626AD7 /* extinfo.h */ = {isa = PBXFileReference; fileEncoding = 4; lastKnownFileType = sourcecode.c.h; name = extinfo.h; path = ../../contrib/unrar/extinfo.h; sourceTree = SOURCE_ROOT; };
		B01BDEB70FF2C6E300626AD7 /* extract.h */ = {isa = PBXFileReference; fileEncoding = 4; lastKnownFileType = sourcecode.c.h; name = extract.h; path = ../../contrib/unrar/extract.h; sourceTree = SOURCE_ROOT; };
		B01BDEB80FF2C6E300626AD7 /* filcreat.h */ = {isa = PBXFileReference; fileEncoding = 4; lastKnownFileType = sourcecode.c.h; name = filcreat.h; path = ../../contrib/unrar/filcreat.h; sourceTree = SOURCE_ROOT; };
		B01BDEB90FF2C6E300626AD7 /* file.h */ = {isa = PBXFileReference; fileEncoding = 4; lastKnownFileType = sourcecode.c.h; name = file.h; path = ../../contrib/unrar/file.h; sourceTree = SOURCE_ROOT; };
		B01BDEBA0FF2C6E300626AD7 /* filefn.h */ = {isa = PBXFileReference; fileEncoding = 4; lastKnownFileType = sourcecode.c.h; name = filefn.h; path = ../../contrib/unrar/filefn.h; sourceTree = SOURCE_ROOT; };
		B01BDEBB0FF2C6E300626AD7 /* filestr.h */ = {isa = PBXFileReference; fileEncoding = 4; lastKnownFileType = sourcecode.c.h; name = filestr.h; path = ../../contrib/unrar/filestr.h; sourceTree = SOURCE_ROOT; };
		B01BDEBC0FF2C6E300626AD7 /* find.h */ = {isa = PBXFileReference; fileEncoding = 4; lastKnownFileType = sourcecode.c.h; name = find.h; path = ../../contrib/unrar/find.h; sourceTree = SOURCE_ROOT; };
		B01BDEBD0FF2C6E300626AD7 /* getbits.h */ = {isa = PBXFileReference; fileEncoding = 4; lastKnownFileType = sourcecode.c.h; name = getbits.h; path = ../../contrib/unrar/getbits.h; sourceTree = SOURCE_ROOT; };
		B01BDEBE0FF2C6E300626AD7 /* global.h */ = {isa = PBXFileReference; fileEncoding = 4; lastKnownFileType = sourcecode.c.h; name = global.h; path = ../../contrib/unrar/global.h; sourceTree = SOURCE_ROOT; };
		B01BDEBF0FF2C6E300626AD7 /* headers.h */ = {isa = PBXFileReference; fileEncoding = 4; lastKnownFileType = sourcecode.c.h; name = headers.h; path = ../../contrib/unrar/headers.h; sourceTree = SOURCE_ROOT; };
		B01BDEC00FF2C6E300626AD7 /* isnt.h */ = {isa = PBXFileReference; fileEncoding = 4; lastKnownFileType = sourcecode.c.h; name = isnt.h; path = ../../contrib/unrar/isnt.h; sourceTree = SOURCE_ROOT; };
		B01BDEC10FF2C6E300626AD7 /* list.h */ = {isa = PBXFileReference; fileEncoding = 4; lastKnownFileType = sourcecode.c.h; name = list.h; path = ../../contrib/unrar/list.h; sourceTree = SOURCE_ROOT; };
		B01BDEC20FF2C6E300626AD7 /* loclang.h */ = {isa = PBXFileReference; fileEncoding = 4; lastKnownFileType = sourcecode.c.h; name = loclang.h; path = ../../contrib/unrar/loclang.h; sourceTree = SOURCE_ROOT; };
		B01BDEC30FF2C6E300626AD7 /* match.h */ = {isa = PBXFileReference; fileEncoding = 4; lastKnownFileType = sourcecode.c.h; name = match.h; path = ../../contrib/unrar/match.h; sourceTree = SOURCE_ROOT; };
		B01BDEC40FF2C6E300626AD7 /* options.h */ = {isa = PBXFileReference; fileEncoding = 4; lastKnownFileType = sourcecode.c.h; name = options.h; path = ../../contrib/unrar/options.h; sourceTree = SOURCE_ROOT; };
		B01BDEC50FF2C6E300626AD7 /* os.h */ = {isa = PBXFileReference; fileEncoding = 4; lastKnownFileType = sourcecode.c.h; name = os.h; path = ../../contrib/unrar/os.h; sourceTree = SOURCE_ROOT; };
		B01BDEC60FF2C6E300626AD7 /* pathfn.h */ = {isa = PBXFileReference; fileEncoding = 4; lastKnownFileType = sourcecode.c.h; name = pathfn.h; path = ../../contrib/unrar/pathfn.h; sourceTree = SOURCE_ROOT; };
		B01BDEC70FF2C6E300626AD7 /* rardefs.h */ = {isa = PBXFileReference; fileEncoding = 4; lastKnownFileType = sourcecode.c.h; name = rardefs.h; path = ../../contrib/unrar/rardefs.h; sourceTree = SOURCE_ROOT; };
		B01BDEC80FF2C6E300626AD7 /* rarlang.h */ = {isa = PBXFileReference; fileEncoding = 4; lastKnownFileType = sourcecode.c.h; name = rarlang.h; path = ../../contrib/unrar/rarlang.h; sourceTree = SOURCE_ROOT; };
		B01BDEC90FF2C6E300626AD7 /* raros.h */ = {isa = PBXFileReference; fileEncoding = 4; lastKnownFileType = sourcecode.c.h; name = raros.h; path = ../../contrib/unrar/raros.h; sourceTree = SOURCE_ROOT; };
		B01BDECB0FF2C6E300626AD7 /* rartypes.h */ = {isa = PBXFileReference; fileEncoding = 4; lastKnownFileType = sourcecode.c.h; name = rartypes.h; path = ../../contrib/unrar/rartypes.h; sourceTree = SOURCE_ROOT; };
		B01BDECC0FF2C6E300626AD7 /* rarvm.h */ = {isa = PBXFileReference; fileEncoding = 4; lastKnownFileType = sourcecode.c.h; name = rarvm.h; path = ../../contrib/unrar/rarvm.h; sourceTree = SOURCE_ROOT; };
		B01BDECD0FF2C6E300626AD7 /* rawread.h */ = {isa = PBXFileReference; fileEncoding = 4; lastKnownFileType = sourcecode.c.h; name = rawread.h; path = ../../contrib/unrar/rawread.h; sourceTree = SOURCE_ROOT; };
		B01BDECE0FF2C6E300626AD7 /* rdwrfn.h */ = {isa = PBXFileReference; fileEncoding = 4; lastKnownFileType = sourcecode.c.h; name = rdwrfn.h; path = ../../contrib/unrar/rdwrfn.h; sourceTree = SOURCE_ROOT; };
		B01BDECF0FF2C6E300626AD7 /* recvol.h */ = {isa = PBXFileReference; fileEncoding = 4; lastKnownFileType = sourcecode.c.h; name = recvol.h; path = ../../contrib/unrar/recvol.h; sourceTree = SOURCE_ROOT; };
		B01BDED00FF2C6E300626AD7 /* resource.h */ = {isa = PBXFileReference; fileEncoding = 4; lastKnownFileType = sourcecode.c.h; name = resource.h; path = ../../contrib/unrar/resource.h; sourceTree = SOURCE_ROOT; };
		B01BDED20FF2C6E300626AD7 /* rijndael.h */ = {isa = PBXFileReference; fileEncoding = 4; lastKnownFileType = sourcecode.c.h; name = rijndael.h; path = ../../contrib/unrar/rijndael.h; sourceTree = SOURCE_ROOT; };
		B01BDED30FF2C6E300626AD7 /* rs.h */ = {isa = PBXFileReference; fileEncoding = 4; lastKnownFileType = sourcecode.c.h; name = rs.h; path = ../../contrib/unrar/rs.h; sourceTree = SOURCE_ROOT; };
		B01BDED40FF2C6E300626AD7 /* savepos.h */ = {isa = PBXFileReference; fileEncoding = 4; lastKnownFileType = sourcecode.c.h; name = savepos.h; path = ../../contrib/unrar/savepos.h; sourceTree = SOURCE_ROOT; };
		B01BDED50FF2C6E300626AD7 /* scantree.h */ = {isa = PBXFileReference; fileEncoding = 4; lastKnownFileType = sourcecode.c.h; name = scantree.h; path = ../../contrib/unrar/scantree.h; sourceTree = SOURCE_ROOT; };
		B01BDED60FF2C6E300626AD7 /* sha1.h */ = {isa = PBXFileReference; fileEncoding = 4; lastKnownFileType = sourcecode.c.h; name = sha1.h; path = ../../contrib/unrar/sha1.h; sourceTree = SOURCE_ROOT; };
		B01BDED70FF2C6E300626AD7 /* smallfn.h */ = {isa = PBXFileReference; fileEncoding = 4; lastKnownFileType = sourcecode.c.h; name = smallfn.h; path = ../../contrib/unrar/smallfn.h; sourceTree = SOURCE_ROOT; };
		B01BDED80FF2C6E300626AD7 /* strfn.h */ = {isa = PBXFileReference; fileEncoding = 4; lastKnownFileType = sourcecode.c.h; name = strfn.h; path = ../../contrib/unrar/strfn.h; sourceTree = SOURCE_ROOT; };
		B01BDED90FF2C6E300626AD7 /* strlist.h */ = {isa = PBXFileReference; fileEncoding = 4; lastKnownFileType = sourcecode.c.h; name = strlist.h; path = ../../contrib/unrar/strlist.h; sourceTree = SOURCE_ROOT; };
		B01BDEDA0FF2C6E300626AD7 /* suballoc.h */ = {isa = PBXFileReference; fileEncoding = 4; lastKnownFileType = sourcecode.c.h; name = suballoc.h; path = ../../contrib/unrar/suballoc.h; sourceTree = SOURCE_ROOT; };
		B01BDEDB0FF2C6E300626AD7 /* system.h */ = {isa = PBXFileReference; fileEncoding = 4; lastKnownFileType = sourcecode.c.h; name = system.h; path = ../../contrib/unrar/system.h; sourceTree = SOURCE_ROOT; };
		B01BDEDC0FF2C6E300626AD7 /* timefn.h */ = {isa = PBXFileReference; fileEncoding = 4; lastKnownFileType = sourcecode.c.h; name = timefn.h; path = ../../contrib/unrar/timefn.h; sourceTree = SOURCE_ROOT; };
		B01BDEDD0FF2C6E300626AD7 /* ulinks.h */ = {isa = PBXFileReference; fileEncoding = 4; lastKnownFileType = sourcecode.c.h; name = ulinks.h; path = ../../contrib/unrar/ulinks.h; sourceTree = SOURCE_ROOT; };
		B01BDEDE0FF2C6E300626AD7 /* unicode.h */ = {isa = PBXFileReference; fileEncoding = 4; lastKnownFileType = sourcecode.c.h; name = unicode.h; path = ../../contrib/unrar/unicode.h; sourceTree = SOURCE_ROOT; };
		B01BDEDF0FF2C6E300626AD7 /* unpack.h */ = {isa = PBXFileReference; fileEncoding = 4; lastKnownFileType = sourcecode.c.h; name = unpack.h; path = ../../contrib/unrar/unpack.h; sourceTree = SOURCE_ROOT; };
		B01BDEE00FF2C6E300626AD7 /* version.h */ = {isa = PBXFileReference; fileEncoding = 4; lastKnownFileType = sourcecode.c.h; name = version.h; path = ../../contrib/unrar/version.h; sourceTree = SOURCE_ROOT; };
		B01BDEE10FF2C6E300626AD7 /* volume.h */ = {isa = PBXFileReference; fileEncoding = 4; lastKnownFileType = sourcecode.c.h; name = volume.h; path = ../../contrib/unrar/volume.h; sourceTree = SOURCE_ROOT; };
		B020E66C101A157F0040E736 /* SDL.framework */ = {isa = PBXFileReference; lastKnownFileType = wrapper.framework; name = SDL.framework; path = /Library/Frameworks/SDL.framework; sourceTree = "<absolute>"; };
		B020E66D101A157F0040E736 /* SDL_image.framework */ = {isa = PBXFileReference; lastKnownFileType = wrapper.framework; name = SDL_image.framework; path = /Library/Frameworks/SDL_image.framework; sourceTree = "<absolute>"; };
		B020E66E101A157F0040E736 /* SDL_mixer.framework */ = {isa = PBXFileReference; lastKnownFileType = wrapper.framework; name = SDL_mixer.framework; path = /Library/Frameworks/SDL_mixer.framework; sourceTree = "<absolute>"; };
		B020ED7E101A262D0040E736 /* FTGL.xcodeproj */ = {isa = PBXFileReference; lastKnownFileType = "wrapper.pb-project"; name = FTGL.xcodeproj; path = ../../contrib/FTGL/FTGL/FTGL.xcodeproj; sourceTree = SOURCE_ROOT; };
		B020F04F101A355E0040E736 /* Freetype2.xcodeproj */ = {isa = PBXFileReference; lastKnownFileType = "wrapper.pb-project"; name = Freetype2.xcodeproj; path = ../../contrib/freetype/builds/mac/Xcode/Freetype2.xcodeproj; sourceTree = SOURCE_ROOT; };
		B020F057101A359A0040E736 /* collide.cpp */ = {isa = PBXFileReference; fileEncoding = 4; lastKnownFileType = sourcecode.cpp.cpp; name = collide.cpp; path = ../../source/App/collide.cpp; sourceTree = SOURCE_ROOT; };
		B020F058101A359A0040E736 /* collide.h */ = {isa = PBXFileReference; fileEncoding = 4; lastKnownFileType = sourcecode.c.h; name = collide.h; path = ../../source/App/collide.h; sourceTree = SOURCE_ROOT; };
		B0426EAB0DA96BBB005A0E89 /* AppKit.framework */ = {isa = PBXFileReference; lastKnownFileType = wrapper.framework; name = AppKit.framework; path = /System/Library/Frameworks/AppKit.framework; sourceTree = "<absolute>"; };
		B0426EAC0DA96BBB005A0E89 /* Carbon.framework */ = {isa = PBXFileReference; lastKnownFileType = wrapper.framework; name = Carbon.framework; path = /System/Library/Frameworks/Carbon.framework; sourceTree = "<absolute>"; };
		B04270260DA96C18005A0E89 /* databuffer.cpp */ = {isa = PBXFileReference; fileEncoding = 4; lastKnownFileType = sourcecode.cpp.cpp; name = databuffer.cpp; path = ../../source/App/databuffer.cpp; sourceTree = "<group>"; };
		B04270270DA96C18005A0E89 /* databuffer.h */ = {isa = PBXFileReference; fileEncoding = 4; lastKnownFileType = sourcecode.c.h; name = databuffer.h; path = ../../source/App/databuffer.h; sourceTree = "<group>"; };
		B04A58150DBDDA9F00A2F292 /* opengl.cpp */ = {isa = PBXFileReference; fileEncoding = 4; lastKnownFileType = sourcecode.cpp.cpp; name = opengl.cpp; path = ../../source/Graphics/opengl.cpp; sourceTree = "<group>"; };
		B04A58160DBDDA9F00A2F292 /* opengl.h */ = {isa = PBXFileReference; fileEncoding = 4; lastKnownFileType = sourcecode.c.h; name = opengl.h; path = ../../source/Graphics/opengl.h; sourceTree = "<group>"; };
		B04A58170DBDDA9F00A2F292 /* texture.cpp */ = {isa = PBXFileReference; fileEncoding = 4; lastKnownFileType = sourcecode.cpp.cpp; name = texture.cpp; path = ../../source/Graphics/texture.cpp; sourceTree = "<group>"; };
		B04A58180DBDDA9F00A2F292 /* texture.h */ = {isa = PBXFileReference; fileEncoding = 4; lastKnownFileType = sourcecode.c.h; name = texture.h; path = ../../source/Graphics/texture.h; sourceTree = "<group>"; };
		B05708DE0DB219920071B5B7 /* debug_utils.cpp */ = {isa = PBXFileReference; fileEncoding = 4; lastKnownFileType = sourcecode.cpp.cpp; name = debug_utils.cpp; path = ../../source/App/debug_utils.cpp; sourceTree = "<group>"; };
		B05708DF0DB219920071B5B7 /* debug_utils.h */ = {isa = PBXFileReference; fileEncoding = 4; lastKnownFileType = sourcecode.c.h; name = debug_utils.h; path = ../../source/App/debug_utils.h; sourceTree = "<group>"; };
		B05708E00DB219920071B5B7 /* preferences.cpp */ = {isa = PBXFileReference; fileEncoding = 4; lastKnownFileType = sourcecode.cpp.cpp; name = preferences.cpp; path = ../../source/App/preferences.cpp; sourceTree = "<group>"; };
		B05708E10DB219920071B5B7 /* preferences.h */ = {isa = PBXFileReference; fileEncoding = 4; lastKnownFileType = sourcecode.c.h; name = preferences.h; path = ../../source/App/preferences.h; sourceTree = "<group>"; };
		B05708E20DB219920071B5B7 /* text_stream_readers.cpp */ = {isa = PBXFileReference; fileEncoding = 4; lastKnownFileType = sourcecode.cpp.cpp; name = text_stream_readers.cpp; path = ../../source/App/text_stream_readers.cpp; sourceTree = "<group>"; };
		B05708E30DB219920071B5B7 /* text_stream_readers.h */ = {isa = PBXFileReference; fileEncoding = 4; lastKnownFileType = sourcecode.c.h; name = text_stream_readers.h; path = ../../source/App/text_stream_readers.h; sourceTree = "<group>"; };
		B05708F10DB219FF0071B5B7 /* error_window.cpp */ = {isa = PBXFileReference; fileEncoding = 4; lastKnownFileType = sourcecode.cpp.cpp; name = error_window.cpp; path = ../../source/Interface/error_window.cpp; sourceTree = "<group>"; };
		B05708F20DB219FF0071B5B7 /* error_window.h */ = {isa = PBXFileReference; fileEncoding = 4; lastKnownFileType = sourcecode.c.h; name = error_window.h; path = ../../source/Interface/error_window.h; sourceTree = "<group>"; };
		B065FA7D1031FF88006D7A4F /* data */ = {isa = PBXFileReference; lastKnownFileType = folder; name = data; path = ../../bin/data; sourceTree = SOURCE_ROOT; };
		B065FBBE10321F7B006D7A4F /* GLEW.xcodeproj */ = {isa = PBXFileReference; lastKnownFileType = "wrapper.pb-project"; name = GLEW.xcodeproj; path = ../../contrib/glew/build/xcode/GLEW.xcodeproj; sourceTree = SOURCE_ROOT; };
		B07EEE940BEEEA770005CD3D /* net_crisscross.cpp */ = {isa = PBXFileReference; fileEncoding = 30; lastKnownFileType = sourcecode.cpp.cpp; name = net_crisscross.cpp; path = ../../source/Network/net_crisscross.cpp; sourceTree = "<group>"; };
		B07EEE950BEEEA770005CD3D /* net_crisscross.h */ = {isa = PBXFileReference; fileEncoding = 30; lastKnownFileType = sourcecode.c.h; name = net_crisscross.h; path = ../../source/Network/net_crisscross.h; sourceTree = "<group>"; };
		B07EEE980BEEEA770005CD3D /* net.cpp */ = {isa = PBXFileReference; fileEncoding = 30; lastKnownFileType = sourcecode.cpp.cpp; name = net.cpp; path = ../../source/Network/net.cpp; sourceTree = "<group>"; };
		B07EEE990BEEEA770005CD3D /* net.h */ = {isa = PBXFileReference; fileEncoding = 30; lastKnownFileType = sourcecode.c.h; name = net.h; path = ../../source/Network/net.h; sourceTree = "<group>"; };
		B07EEE9A0BEEEA770005CD3D /* packet.cpp */ = {isa = PBXFileReference; fileEncoding = 30; lastKnownFileType = sourcecode.cpp.cpp; name = packet.cpp; path = ../../source/Network/packet.cpp; sourceTree = "<group>"; };
		B07EEE9B0BEEEA770005CD3D /* packet.h */ = {isa = PBXFileReference; fileEncoding = 30; lastKnownFileType = sourcecode.c.h; name = packet.h; path = ../../source/Network/packet.h; sourceTree = "<group>"; };
		B087F3120DB98F08007568B9 /* surface.cpp */ = {isa = PBXFileReference; fileEncoding = 4; lastKnownFileType = sourcecode.cpp.cpp; name = surface.cpp; path = ../../source/Graphics/surface.cpp; sourceTree = "<group>"; };
		B087F3130DB98F08007568B9 /* surface.h */ = {isa = PBXFileReference; fileEncoding = 4; lastKnownFileType = sourcecode.c.h; name = surface.h; path = ../../source/Graphics/surface.h; sourceTree = "<group>"; };
		B09B59330EAC2EF7003F4C0B /* CrissCross.xcodeproj */ = {isa = PBXFileReference; lastKnownFileType = "wrapper.pb-project"; name = CrissCross.xcodeproj; path = ../../contrib/crisscross/targets/xcode/CrissCross.xcodeproj; sourceTree = SOURCE_ROOT; };
		B0A200290DB0B28A00C9BD5C /* smallfn.cpp */ = {isa = PBXFileReference; fileEncoding = 4; lastKnownFileType = sourcecode.cpp.cpp; name = smallfn.cpp; path = ../../contrib/unrar/smallfn.cpp; sourceTree = "<group>"; };
		B0A2002E0DB0B47A00C9BD5C /* cerberus.icns */ = {isa = PBXFileReference; lastKnownFileType = image.icns; name = cerberus.icns; path = ../../source/cerberus.icns; sourceTree = "<group>"; };
		B0A2FF620DB0AEEE00C9BD5C /* binary_stream_readers.cpp */ = {isa = PBXFileReference; fileEncoding = 4; lastKnownFileType = sourcecode.cpp.cpp; name = binary_stream_readers.cpp; path = ../../source/App/binary_stream_readers.cpp; sourceTree = "<group>"; };
		B0A2FF630DB0AEEE00C9BD5C /* binary_stream_readers.h */ = {isa = PBXFileReference; fileEncoding = 4; lastKnownFileType = sourcecode.c.h; name = binary_stream_readers.h; path = ../../source/App/binary_stream_readers.h; sourceTree = "<group>"; };
		B0A2FF640DB0AEEE00C9BD5C /* resource.cpp */ = {isa = PBXFileReference; fileEncoding = 4; lastKnownFileType = sourcecode.cpp.cpp; name = resource.cpp; path = ../../source/App/resource.cpp; sourceTree = "<group>"; };
		B0A2FF650DB0AEEE00C9BD5C /* resource.h */ = {isa = PBXFileReference; fileEncoding = 4; lastKnownFileType = sourcecode.c.h; name = resource.h; path = ../../source/App/resource.h; sourceTree = "<group>"; };
		B0A2FF6E0DB0B0A100C9BD5C /* archive.cpp */ = {isa = PBXFileReference; fileEncoding = 4; lastKnownFileType = sourcecode.cpp.cpp; name = archive.cpp; path = ../../contrib/unrar/archive.cpp; sourceTree = "<group>"; };
		B0A2FF700DB0B0A100C9BD5C /* arcread.cpp */ = {isa = PBXFileReference; fileEncoding = 4; lastKnownFileType = sourcecode.cpp.cpp; name = arcread.cpp; path = ../../contrib/unrar/arcread.cpp; sourceTree = "<group>"; };
		B0A2FF730DB0B0A100C9BD5C /* cmddata.cpp */ = {isa = PBXFileReference; fileEncoding = 4; lastKnownFileType = sourcecode.cpp.cpp; name = cmddata.cpp; path = ../../contrib/unrar/cmddata.cpp; sourceTree = "<group>"; };
		B0A2FF780DB0B0A100C9BD5C /* consio.cpp */ = {isa = PBXFileReference; fileEncoding = 4; lastKnownFileType = sourcecode.cpp.cpp; name = consio.cpp; path = ../../contrib/unrar/consio.cpp; sourceTree = "<group>"; };
		B0A2FF7A0DB0B0A100C9BD5C /* crc.cpp */ = {isa = PBXFileReference; fileEncoding = 4; lastKnownFileType = sourcecode.cpp.cpp; name = crc.cpp; path = ../../contrib/unrar/crc.cpp; sourceTree = "<group>"; };
		B0A2FF7C0DB0B0A100C9BD5C /* crypt.cpp */ = {isa = PBXFileReference; fileEncoding = 4; lastKnownFileType = sourcecode.cpp.cpp; name = crypt.cpp; path = ../../contrib/unrar/crypt.cpp; sourceTree = "<group>"; };
		B0A2FF810DB0B0A100C9BD5C /* encname.cpp */ = {isa = PBXFileReference; fileEncoding = 4; lastKnownFileType = sourcecode.cpp.cpp; name = encname.cpp; path = ../../contrib/unrar/encname.cpp; sourceTree = "<group>"; };
		B0A2FF830DB0B0A100C9BD5C /* errhnd.cpp */ = {isa = PBXFileReference; fileEncoding = 4; lastKnownFileType = sourcecode.cpp.cpp; name = errhnd.cpp; path = ../../contrib/unrar/errhnd.cpp; sourceTree = "<group>"; };
		B0A2FF850DB0B0A100C9BD5C /* extinfo.cpp */ = {isa = PBXFileReference; fileEncoding = 4; lastKnownFileType = sourcecode.cpp.cpp; name = extinfo.cpp; path = ../../contrib/unrar/extinfo.cpp; sourceTree = "<group>"; };
		B0A2FF870DB0B0A100C9BD5C /* extract.cpp */ = {isa = PBXFileReference; fileEncoding = 4; lastKnownFileType = sourcecode.cpp.cpp; name = extract.cpp; path = ../../contrib/unrar/extract.cpp; sourceTree = "<group>"; };
		B0A2FF890DB0B0A100C9BD5C /* filcreat.cpp */ = {isa = PBXFileReference; fileEncoding = 4; lastKnownFileType = sourcecode.cpp.cpp; name = filcreat.cpp; path = ../../contrib/unrar/filcreat.cpp; sourceTree = "<group>"; };
		B0A2FF8B0DB0B0A100C9BD5C /* file.cpp */ = {isa = PBXFileReference; fileEncoding = 4; lastKnownFileType = sourcecode.cpp.cpp; name = file.cpp; path = ../../contrib/unrar/file.cpp; sourceTree = "<group>"; };
		B0A2FF8D0DB0B0A100C9BD5C /* filefn.cpp */ = {isa = PBXFileReference; fileEncoding = 4; lastKnownFileType = sourcecode.cpp.cpp; name = filefn.cpp; path = ../../contrib/unrar/filefn.cpp; sourceTree = "<group>"; };
		B0A2FF8F0DB0B0A100C9BD5C /* filestr.cpp */ = {isa = PBXFileReference; fileEncoding = 4; lastKnownFileType = sourcecode.cpp.cpp; name = filestr.cpp; path = ../../contrib/unrar/filestr.cpp; sourceTree = "<group>"; };
		B0A2FF910DB0B0A100C9BD5C /* find.cpp */ = {isa = PBXFileReference; fileEncoding = 4; lastKnownFileType = sourcecode.cpp.cpp; name = find.cpp; path = ../../contrib/unrar/find.cpp; sourceTree = "<group>"; };
		B0A2FF930DB0B0A100C9BD5C /* getbits.cpp */ = {isa = PBXFileReference; fileEncoding = 4; lastKnownFileType = sourcecode.cpp.cpp; name = getbits.cpp; path = ../../contrib/unrar/getbits.cpp; sourceTree = "<group>"; };
		B0A2FF950DB0B0A100C9BD5C /* global.cpp */ = {isa = PBXFileReference; fileEncoding = 4; lastKnownFileType = sourcecode.cpp.cpp; name = global.cpp; path = ../../contrib/unrar/global.cpp; sourceTree = "<group>"; };
		B0A2FF9A0DB0B0A100C9BD5C /* isnt.cpp */ = {isa = PBXFileReference; fileEncoding = 4; lastKnownFileType = sourcecode.cpp.cpp; name = isnt.cpp; path = ../../contrib/unrar/isnt.cpp; sourceTree = "<group>"; };
		B0A2FF9C0DB0B0A100C9BD5C /* license.txt */ = {isa = PBXFileReference; fileEncoding = 4; lastKnownFileType = text; name = license.txt; path = ../../contrib/unrar/license.txt; sourceTree = "<group>"; };
		B0A2FF9D0DB0B0A100C9BD5C /* list.cpp */ = {isa = PBXFileReference; fileEncoding = 4; lastKnownFileType = sourcecode.cpp.cpp; name = list.cpp; path = ../../contrib/unrar/list.cpp; sourceTree = "<group>"; };
		B0A2FFA20DB0B0A100C9BD5C /* match.cpp */ = {isa = PBXFileReference; fileEncoding = 4; lastKnownFileType = sourcecode.cpp.cpp; name = match.cpp; path = ../../contrib/unrar/match.cpp; sourceTree = "<group>"; };
		B0A2FFA60DB0B0A100C9BD5C /* options.cpp */ = {isa = PBXFileReference; fileEncoding = 4; lastKnownFileType = sourcecode.cpp.cpp; name = options.cpp; path = ../../contrib/unrar/options.cpp; sourceTree = "<group>"; };
		B0A2FFAA0DB0B0A100C9BD5C /* pathfn.cpp */ = {isa = PBXFileReference; fileEncoding = 4; lastKnownFileType = sourcecode.cpp.cpp; name = pathfn.cpp; path = ../../contrib/unrar/pathfn.cpp; sourceTree = "<group>"; };
		B0A2FFB40DB0B0A100C9BD5C /* rarvm.cpp */ = {isa = PBXFileReference; fileEncoding = 4; lastKnownFileType = sourcecode.cpp.cpp; name = rarvm.cpp; path = ../../contrib/unrar/rarvm.cpp; sourceTree = "<group>"; };
		B0A2FFB70DB0B0A100C9BD5C /* rawread.cpp */ = {isa = PBXFileReference; fileEncoding = 4; lastKnownFileType = sourcecode.cpp.cpp; name = rawread.cpp; path = ../../contrib/unrar/rawread.cpp; sourceTree = "<group>"; };
		B0A2FFB90DB0B0A100C9BD5C /* rdwrfn.cpp */ = {isa = PBXFileReference; fileEncoding = 4; lastKnownFileType = sourcecode.cpp.cpp; name = rdwrfn.cpp; path = ../../contrib/unrar/rdwrfn.cpp; sourceTree = "<group>"; };
		B0A2FFBB0DB0B0A100C9BD5C /* readme.txt */ = {isa = PBXFileReference; fileEncoding = 4; lastKnownFileType = text; name = readme.txt; path = ../../contrib/unrar/readme.txt; sourceTree = "<group>"; };
		B0A2FFBC0DB0B0A100C9BD5C /* recvol.cpp */ = {isa = PBXFileReference; fileEncoding = 4; lastKnownFileType = sourcecode.cpp.cpp; name = recvol.cpp; path = ../../contrib/unrar/recvol.cpp; sourceTree = "<group>"; };
		B0A2FFBE0DB0B0A100C9BD5C /* resource.cpp */ = {isa = PBXFileReference; fileEncoding = 4; lastKnownFileType = sourcecode.cpp.cpp; name = resource.cpp; path = ../../contrib/unrar/resource.cpp; sourceTree = "<group>"; };
		B0A2FFC00DB0B0A100C9BD5C /* rijndael.cpp */ = {isa = PBXFileReference; fileEncoding = 4; lastKnownFileType = sourcecode.cpp.cpp; name = rijndael.cpp; path = ../../contrib/unrar/rijndael.cpp; sourceTree = "<group>"; };
		B0A2FFC20DB0B0A100C9BD5C /* rs.cpp */ = {isa = PBXFileReference; fileEncoding = 4; lastKnownFileType = sourcecode.cpp.cpp; name = rs.cpp; path = ../../contrib/unrar/rs.cpp; sourceTree = "<group>"; };
		B0A2FFC40DB0B0A100C9BD5C /* savepos.cpp */ = {isa = PBXFileReference; fileEncoding = 4; lastKnownFileType = sourcecode.cpp.cpp; name = savepos.cpp; path = ../../contrib/unrar/savepos.cpp; sourceTree = "<group>"; };
		B0A2FFC60DB0B0A100C9BD5C /* scantree.cpp */ = {isa = PBXFileReference; fileEncoding = 4; lastKnownFileType = sourcecode.cpp.cpp; name = scantree.cpp; path = ../../contrib/unrar/scantree.cpp; sourceTree = "<group>"; };
		B0A2FFC80DB0B0A100C9BD5C /* sha1.cpp */ = {isa = PBXFileReference; fileEncoding = 4; lastKnownFileType = sourcecode.cpp.cpp; name = sha1.cpp; path = ../../contrib/unrar/sha1.cpp; sourceTree = "<group>"; };
		B0A2FFCC0DB0B0A100C9BD5C /* strfn.cpp */ = {isa = PBXFileReference; fileEncoding = 4; lastKnownFileType = sourcecode.cpp.cpp; name = strfn.cpp; path = ../../contrib/unrar/strfn.cpp; sourceTree = "<group>"; };
		B0A2FFCE0DB0B0A100C9BD5C /* strlist.cpp */ = {isa = PBXFileReference; fileEncoding = 4; lastKnownFileType = sourcecode.cpp.cpp; name = strlist.cpp; path = ../../contrib/unrar/strlist.cpp; sourceTree = "<group>"; };
		B0A2FFD20DB0B0A100C9BD5C /* system.cpp */ = {isa = PBXFileReference; fileEncoding = 4; lastKnownFileType = sourcecode.cpp.cpp; name = system.cpp; path = ../../contrib/unrar/system.cpp; sourceTree = "<group>"; };
		B0A2FFD40DB0B0A100C9BD5C /* timefn.cpp */ = {isa = PBXFileReference; fileEncoding = 4; lastKnownFileType = sourcecode.cpp.cpp; name = timefn.cpp; path = ../../contrib/unrar/timefn.cpp; sourceTree = "<group>"; };
		B0A2FFD60DB0B0A100C9BD5C /* ulinks.cpp */ = {isa = PBXFileReference; fileEncoding = 4; lastKnownFileType = sourcecode.cpp.cpp; name = ulinks.cpp; path = ../../contrib/unrar/ulinks.cpp; sourceTree = "<group>"; };
		B0A2FFD80DB0B0A100C9BD5C /* unicode.cpp */ = {isa = PBXFileReference; fileEncoding = 4; lastKnownFileType = sourcecode.cpp.cpp; name = unicode.cpp; path = ../../contrib/unrar/unicode.cpp; sourceTree = "<group>"; };
		B0A2FFDB0DB0B0A100C9BD5C /* unpack.cpp */ = {isa = PBXFileReference; fileEncoding = 4; lastKnownFileType = sourcecode.cpp.cpp; name = unpack.cpp; path = ../../contrib/unrar/unpack.cpp; sourceTree = "<group>"; };
		B0A2FFDF0DB0B0A100C9BD5C /* unrar.cpp */ = {isa = PBXFileReference; fileEncoding = 4; lastKnownFileType = sourcecode.cpp.cpp; name = unrar.cpp; path = ../../contrib/unrar/unrar.cpp; sourceTree = "<group>"; };
		B0A2FFE00DB0B0A100C9BD5C /* unrar.h */ = {isa = PBXFileReference; fileEncoding = 4; lastKnownFileType = sourcecode.c.h; name = unrar.h; path = ../../contrib/unrar/unrar.h; sourceTree = "<group>"; };
		B0A2FFE30DB0B0A100C9BD5C /* volume.cpp */ = {isa = PBXFileReference; fileEncoding = 4; lastKnownFileType = sourcecode.cpp.cpp; name = volume.cpp; path = ../../contrib/unrar/volume.cpp; sourceTree = "<group>"; };
		B0AC6D1D0DD2EE5100976666 /* texture_opengl.cpp */ = {isa = PBXFileReference; fileEncoding = 4; lastKnownFileType = sourcecode.cpp.cpp; name = texture_opengl.cpp; path = ../../source/Graphics/texture_opengl.cpp; sourceTree = "<group>"; };
		B0AC6D1E0DD2EE5100976666 /* texture_opengl.h */ = {isa = PBXFileReference; fileEncoding = 4; lastKnownFileType = sourcecode.c.h; name = texture_opengl.h; path = ../../source/Graphics/texture_opengl.h; sourceTree = "<group>"; };
		B0B8E8CF0BDB4DDF007C1576 /* app.cpp */ = {isa = PBXFileReference; fileEncoding = 30; lastKnownFileType = sourcecode.cpp.cpp; name = app.cpp; path = ../../source/App/app.cpp; sourceTree = "<group>"; };
		B0B8E8D00BDB4DDF007C1576 /* app.h */ = {isa = PBXFileReference; fileEncoding = 30; lastKnownFileType = sourcecode.c.h; name = app.h; path = ../../source/App/app.h; sourceTree = "<group>"; };
		B0B8E8D10BDB4DDF007C1576 /* file_utils.cpp */ = {isa = PBXFileReference; fileEncoding = 30; lastKnownFileType = sourcecode.cpp.cpp; name = file_utils.cpp; path = ../../source/App/file_utils.cpp; sourceTree = "<group>"; };
		B0B8E8D20BDB4DDF007C1576 /* file_utils.h */ = {isa = PBXFileReference; fileEncoding = 30; lastKnownFileType = sourcecode.c.h; name = file_utils.h; path = ../../source/App/file_utils.h; sourceTree = "<group>"; };
		B0B8E8DB0BDB4DDF007C1576 /* string_utils.cpp */ = {isa = PBXFileReference; fileEncoding = 30; lastKnownFileType = sourcecode.cpp.cpp; name = string_utils.cpp; path = ../../source/App/string_utils.cpp; sourceTree = "<group>"; };
		B0B8E8DC0BDB4DDF007C1576 /* string_utils.h */ = {isa = PBXFileReference; fileEncoding = 30; lastKnownFileType = sourcecode.c.h; name = string_utils.h; path = ../../source/App/string_utils.h; sourceTree = "<group>"; };
		B0B8E8ED0BDB4E00007C1576 /* game.cpp */ = {isa = PBXFileReference; fileEncoding = 30; lastKnownFileType = sourcecode.cpp.cpp; name = game.cpp; path = ../../source/Game/game.cpp; sourceTree = "<group>"; };
		B0B8E8EE0BDB4E00007C1576 /* game.h */ = {isa = PBXFileReference; fileEncoding = 30; lastKnownFileType = sourcecode.c.h; name = game.h; path = ../../source/Game/game.h; sourceTree = "<group>"; };
		B0B8E8FF0BDB4E0D007C1576 /* graphics.cpp */ = {isa = PBXFileReference; fileEncoding = 30; lastKnownFileType = sourcecode.cpp.cpp; name = graphics.cpp; path = ../../source/Graphics/graphics.cpp; sourceTree = "<group>"; };
		B0B8E9000BDB4E0D007C1576 /* graphics.h */ = {isa = PBXFileReference; fileEncoding = 30; lastKnownFileType = sourcecode.c.h; name = graphics.h; path = ../../source/Graphics/graphics.h; sourceTree = "<group>"; };
		B0B8E9010BDB4E1A007C1576 /* button.cpp */ = {isa = PBXFileReference; fileEncoding = 30; lastKnownFileType = sourcecode.cpp.cpp; name = button.cpp; path = ../../source/Interface/button.cpp; sourceTree = "<group>"; };
		B0B8E9020BDB4E1A007C1576 /* button.h */ = {isa = PBXFileReference; fileEncoding = 30; lastKnownFileType = sourcecode.c.h; name = button.h; path = ../../source/Interface/button.h; sourceTree = "<group>"; };
		B0B8E9030BDB4E1A007C1576 /* inputwidget.cpp */ = {isa = PBXFileReference; fileEncoding = 30; lastKnownFileType = sourcecode.cpp.cpp; name = inputwidget.cpp; path = ../../source/Interface/inputwidget.cpp; sourceTree = "<group>"; };
		B0B8E9040BDB4E1A007C1576 /* inputwidget.h */ = {isa = PBXFileReference; fileEncoding = 30; lastKnownFileType = sourcecode.c.h; name = inputwidget.h; path = ../../source/Interface/inputwidget.h; sourceTree = "<group>"; };
		B0B8E9050BDB4E1A007C1576 /* interface.cpp */ = {isa = PBXFileReference; fileEncoding = 30; lastKnownFileType = sourcecode.cpp.cpp; name = interface.cpp; path = ../../source/Interface/interface.cpp; sourceTree = "<group>"; };
		B0B8E9060BDB4E1A007C1576 /* interface.h */ = {isa = PBXFileReference; fileEncoding = 30; lastKnownFileType = sourcecode.c.h; name = interface.h; path = ../../source/Interface/interface.h; sourceTree = "<group>"; };
		B0B8E90D0BDB4E1A007C1576 /* text.cpp */ = {isa = PBXFileReference; fileEncoding = 30; lastKnownFileType = sourcecode.cpp.cpp; name = text.cpp; path = ../../source/Interface/text.cpp; sourceTree = "<group>"; };
		B0B8E90E0BDB4E1A007C1576 /* text.h */ = {isa = PBXFileReference; fileEncoding = 30; lastKnownFileType = sourcecode.c.h; name = text.h; path = ../../source/Interface/text.h; sourceTree = "<group>"; };
		B0B8E90F0BDB4E1A007C1576 /* widget.cpp */ = {isa = PBXFileReference; fileEncoding = 30; lastKnownFileType = sourcecode.cpp.cpp; name = widget.cpp; path = ../../source/Interface/widget.cpp; sourceTree = "<group>"; };
		B0B8E9100BDB4E1A007C1576 /* widget.h */ = {isa = PBXFileReference; fileEncoding = 30; lastKnownFileType = sourcecode.c.h; name = widget.h; path = ../../source/Interface/widget.h; sourceTree = "<group>"; };
		B0B8E9110BDB4E1A007C1576 /* window.cpp */ = {isa = PBXFileReference; fileEncoding = 30; lastKnownFileType = sourcecode.cpp.cpp; name = window.cpp; path = ../../source/Interface/window.cpp; sourceTree = "<group>"; };
		B0B8E9120BDB4E1A007C1576 /* window.h */ = {isa = PBXFileReference; fileEncoding = 30; lastKnownFileType = sourcecode.c.h; name = window.h; path = ../../source/Interface/window.h; sourceTree = "<group>"; };
		B0B8E9130BDB4E2E007C1576 /* soundsystem.cpp */ = {isa = PBXFileReference; fileEncoding = 30; lastKnownFileType = sourcecode.cpp.cpp; name = soundsystem.cpp; path = ../../source/Sound/soundsystem.cpp; sourceTree = "<group>"; };
		B0B8E9140BDB4E2E007C1576 /* soundsystem.h */ = {isa = PBXFileReference; fileEncoding = 30; lastKnownFileType = sourcecode.c.h; name = soundsystem.h; path = ../../source/Sound/soundsystem.h; sourceTree = "<group>"; };
		B0B8E9170BDB4E49007C1576 /* universal_include.cpp */ = {isa = PBXFileReference; fileEncoding = 30; lastKnownFileType = sourcecode.cpp.cpp; name = universal_include.cpp; path = ../../source/universal_include.cpp; sourceTree = "<group>"; };
		B0B8E9180BDB4E49007C1576 /* universal_include.h */ = {isa = PBXFileReference; fileEncoding = 30; lastKnownFileType = sourcecode.c.h; name = universal_include.h; path = ../../source/universal_include.h; sourceTree = "<group>"; };
		B0B8E9190BDB4E51007C1576 /* cerberus.cpp */ = {isa = PBXFileReference; fileEncoding = 30; lastKnownFileType = sourcecode.cpp.cpp; name = cerberus.cpp; path = ../../source/cerberus.cpp; sourceTree = "<group>"; };
		B0B8E91F0BDB4E71007C1576 /* Cerberus.app */ = {isa = PBXFileReference; explicitFileType = wrapper.application; includeInIndex = 0; path = Cerberus.app; sourceTree = BUILT_PRODUCTS_DIR; };
		B0B8E9220BDB4E71007C1576 /* Cerberus-Info.plist */ = {isa = PBXFileReference; lastKnownFileType = text.plist.xml; path = "Cerberus-Info.plist"; sourceTree = "<group>"; };
		B0B8E98B0BDB52A9007C1576 /* macosx.pch */ = {isa = PBXFileReference; fileEncoding = 4; lastKnownFileType = sourcecode.c.h; name = macosx.pch; path = ../../source/macosx.pch; sourceTree = "<group>"; };
		B0B8EB9A0BDB6227007C1576 /* OpenGL.framework */ = {isa = PBXFileReference; lastKnownFileType = wrapper.framework; name = OpenGL.framework; path = /System/Library/Frameworks/OpenGL.framework; sourceTree = "<absolute>"; };
		B0B8ECF90BDB6337007C1576 /* libz.dylib */ = {isa = PBXFileReference; lastKnownFileType = "compiled.mach-o.dylib"; name = libz.dylib; path = /usr/lib/libz.dylib; sourceTree = "<absolute>"; };
		B0BD2E130BE2745E00F71A26 /* SDLMain.h */ = {isa = PBXFileReference; fileEncoding = 30; lastKnownFileType = sourcecode.c.h; name = SDLMain.h; path = ../../source/SDLMain.h; sourceTree = "<group>"; };
		B0BD2E140BE2745E00F71A26 /* SDLMain.m */ = {isa = PBXFileReference; fileEncoding = 30; lastKnownFileType = sourcecode.c.objc; name = SDLMain.m; path = ../../source/SDLMain.m; sourceTree = "<group>"; };
		B0ED6F8510357A2F008D004F /* animation.cpp */ = {isa = PBXFileReference; fileEncoding = 4; lastKnownFileType = sourcecode.cpp.cpp; name = animation.cpp; path = ../../source/Graphics/Animation/animation.cpp; sourceTree = SOURCE_ROOT; };
		B0ED6F8610357A2F008D004F /* animation.h */ = {isa = PBXFileReference; fileEncoding = 4; lastKnownFileType = sourcecode.c.h; name = animation.h; path = ../../source/Graphics/Animation/animation.h; sourceTree = SOURCE_ROOT; };
		B0ED6F8710357A2F008D004F /* expirewidget.cpp */ = {isa = PBXFileReference; fileEncoding = 4; lastKnownFileType = sourcecode.cpp.cpp; name = expirewidget.cpp; path = ../../source/Graphics/Animation/expirewidget.cpp; sourceTree = SOURCE_ROOT; };
		B0ED6F8810357A2F008D004F /* expirewidget.h */ = {isa = PBXFileReference; fileEncoding = 4; lastKnownFileType = sourcecode.c.h; name = expirewidget.h; path = ../../source/Graphics/Animation/expirewidget.h; sourceTree = SOURCE_ROOT; };
		B0ED6F8910357A2F008D004F /* fade.cpp */ = {isa = PBXFileReference; fileEncoding = 4; lastKnownFileType = sourcecode.cpp.cpp; name = fade.cpp; path = ../../source/Graphics/Animation/fade.cpp; sourceTree = SOURCE_ROOT; };
		B0ED6F8A10357A2F008D004F /* fade.h */ = {isa = PBXFileReference; fileEncoding = 4; lastKnownFileType = sourcecode.c.h; name = fade.h; path = ../../source/Graphics/Animation/fade.h; sourceTree = SOURCE_ROOT; };
		B0ED6F8B10357A2F008D004F /* rotate.cpp */ = {isa = PBXFileReference; fileEncoding = 4; lastKnownFileType = sourcecode.cpp.cpp; name = rotate.cpp; path = ../../source/Graphics/Animation/rotate.cpp; sourceTree = SOURCE_ROOT; };
		B0ED6F8C10357A2F008D004F /* rotate.h */ = {isa = PBXFileReference; fileEncoding = 4; lastKnownFileType = sourcecode.c.h; name = rotate.h; path = ../../source/Graphics/Animation/rotate.h; sourceTree = SOURCE_ROOT; };
		B0F90D110F02E7AA005446D6 /* soundsystem_null.cpp */ = {isa = PBXFileReference; fileEncoding = 4; lastKnownFileType = sourcecode.cpp.cpp; name = soundsystem_null.cpp; path = ../../source/Sound/soundsystem_null.cpp; sourceTree = SOURCE_ROOT; };
		B0F90D120F02E7AA005446D6 /* soundsystem_null.h */ = {isa = PBXFileReference; fileEncoding = 4; lastKnownFileType = sourcecode.c.h; name = soundsystem_null.h; path = ../../source/Sound/soundsystem_null.h; sourceTree = SOURCE_ROOT; };
		B0F90D140F02E7BB005446D6 /* font.cpp */ = {isa = PBXFileReference; fileEncoding = 4; lastKnownFileType = sourcecode.cpp.cpp; name = font.cpp; path = ../../source/Graphics/font.cpp; sourceTree = SOURCE_ROOT; };
		B0F90D150F02E7BB005446D6 /* font.h */ = {isa = PBXFileReference; fileEncoding = 4; lastKnownFileType = sourcecode.c.h; name = font.h; path = ../../source/Graphics/font.h; sourceTree = SOURCE_ROOT; };
		B0F90D180F02E7BC005446D6 /* font_opengl.cpp */ = {isa = PBXFileReference; fileEncoding = 4; lastKnownFileType = sourcecode.cpp.cpp; name = font_opengl.cpp; path = ../../source/Graphics/font_opengl.cpp; sourceTree = SOURCE_ROOT; };
		B0F90D190F02E7BC005446D6 /* font_opengl.h */ = {isa = PBXFileReference; fileEncoding = 4; lastKnownFileType = sourcecode.c.h; name = font_opengl.h; path = ../../source/Graphics/font_opengl.h; sourceTree = SOURCE_ROOT; };
/* End PBXFileReference section */

/* Begin PBXFrameworksBuildPhase section */
		B0B8E91D0BDB4E71007C1576 /* Frameworks */ = {
			isa = PBXFrameworksBuildPhase;
			buildActionMask = 2147483647;
			files = (
				B065FBDE10321FFA006D7A4F /* libGLEW.a in Frameworks */,
				B020F055101A35630040E736 /* libFreetype2.a in Frameworks */,
				B020F04D101A35450040E736 /* libftgl-static.a in Frameworks */,
				B09B59400EAC2F36003F4C0B /* libCrissCross Static.a in Frameworks */,
				B0B8EB9B0BDB6227007C1576 /* OpenGL.framework in Frameworks */,
				B0B8ECFA0BDB6337007C1576 /* libz.dylib in Frameworks */,
				B0426EAD0DA96BBB005A0E89 /* AppKit.framework in Frameworks */,
				B0426EAE0DA96BBB005A0E89 /* Carbon.framework in Frameworks */,
				B020E66F101A157F0040E736 /* SDL.framework in Frameworks */,
				B020E670101A157F0040E736 /* SDL_image.framework in Frameworks */,
				B020E671101A157F0040E736 /* SDL_mixer.framework in Frameworks */,
			);
			runOnlyForDeploymentPostprocessing = 0;
		};
/* End PBXFrameworksBuildPhase section */

/* Begin PBXGroup section */
		B020E4EB101A156B0040E736 /* Frameworks */ = {
			isa = PBXGroup;
			children = (
				B020E66C101A157F0040E736 /* SDL.framework */,
				B020E66D101A157F0040E736 /* SDL_image.framework */,
				B020E66E101A157F0040E736 /* SDL_mixer.framework */,
				B0B8ECF90BDB6337007C1576 /* libz.dylib */,
				B0426EAB0DA96BBB005A0E89 /* AppKit.framework */,
				B0426EAC0DA96BBB005A0E89 /* Carbon.framework */,
				B0B8EB9A0BDB6227007C1576 /* OpenGL.framework */,
			);
			name = Frameworks;
			sourceTree = "<group>";
		};
		B020ED7F101A262D0040E736 /* Products */ = {
			isa = PBXGroup;
			children = (
				B020EF86101A2B3F0040E736 /* libftgl-static.a */,
			);
			name = Products;
			sourceTree = "<group>";
		};
		B020F050101A355E0040E736 /* Products */ = {
			isa = PBXGroup;
			children = (
				B020F054101A355E0040E736 /* libFreetype2.a */,
			);
			name = Products;
			sourceTree = "<group>";
		};
		B065FA851031FF98006D7A4F /* Data */ = {
			isa = PBXGroup;
			children = (
				B065FA7D1031FF88006D7A4F /* data */,
			);
			name = Data;
			sourceTree = "<group>";
		};
		B065FBBF10321F7B006D7A4F /* Products */ = {
			isa = PBXGroup;
			children = (
				B065FBC610321F7B006D7A4F /* libGLEW.a */,
			);
			name = Products;
			sourceTree = "<group>";
		};
		B09B59340EAC2EF7003F4C0B /* Products */ = {
			isa = PBXGroup;
			children = (
				B09B593C0EAC2EF7003F4C0B /* libCrissCross Static.a */,
			);
			name = Products;
			sourceTree = "<group>";
		};
		B0A2FF6C0DB0B05E00C9BD5C /* Unrar */ = {
			isa = PBXGroup;
			children = (
				B01BDEAD0FF2C6E300626AD7 /* archive.h */,
				B01BDEAE0FF2C6E300626AD7 /* array.h */,
				B01BDEAF0FF2C6E300626AD7 /* cmddata.h */,
				B01BDEB00FF2C6E300626AD7 /* compress.h */,
				B01BDEB10FF2C6E300626AD7 /* consio.h */,
				B01BDEB20FF2C6E300626AD7 /* crc.h */,
				B01BDEB30FF2C6E300626AD7 /* crypt.h */,
				B01BDEB40FF2C6E300626AD7 /* encname.h */,
				B01BDEB50FF2C6E300626AD7 /* errhnd.h */,
				B01BDEB60FF2C6E300626AD7 /* extinfo.h */,
				B01BDEB70FF2C6E300626AD7 /* extract.h */,
				B01BDEB80FF2C6E300626AD7 /* filcreat.h */,
				B01BDEB90FF2C6E300626AD7 /* file.h */,
				B01BDEBA0FF2C6E300626AD7 /* filefn.h */,
				B01BDEBB0FF2C6E300626AD7 /* filestr.h */,
				B01BDEBC0FF2C6E300626AD7 /* find.h */,
				B01BDEBD0FF2C6E300626AD7 /* getbits.h */,
				B01BDEBE0FF2C6E300626AD7 /* global.h */,
				B01BDEBF0FF2C6E300626AD7 /* headers.h */,
				B01BDEC00FF2C6E300626AD7 /* isnt.h */,
				B01BDEC10FF2C6E300626AD7 /* list.h */,
				B01BDEC20FF2C6E300626AD7 /* loclang.h */,
				B01BDEC30FF2C6E300626AD7 /* match.h */,
				B01BDEC40FF2C6E300626AD7 /* options.h */,
				B01BDEC50FF2C6E300626AD7 /* os.h */,
				B01BDEC60FF2C6E300626AD7 /* pathfn.h */,
				B01BDEC70FF2C6E300626AD7 /* rardefs.h */,
				B01BDEC80FF2C6E300626AD7 /* rarlang.h */,
				B01BDEC90FF2C6E300626AD7 /* raros.h */,
				B01BDECB0FF2C6E300626AD7 /* rartypes.h */,
				B01BDECC0FF2C6E300626AD7 /* rarvm.h */,
				B01BDECD0FF2C6E300626AD7 /* rawread.h */,
				B01BDECE0FF2C6E300626AD7 /* rdwrfn.h */,
				B01BDECF0FF2C6E300626AD7 /* recvol.h */,
				B01BDED00FF2C6E300626AD7 /* resource.h */,
				B01BDED20FF2C6E300626AD7 /* rijndael.h */,
				B01BDED30FF2C6E300626AD7 /* rs.h */,
				B01BDED40FF2C6E300626AD7 /* savepos.h */,
				B01BDED50FF2C6E300626AD7 /* scantree.h */,
				B01BDED60FF2C6E300626AD7 /* sha1.h */,
				B01BDED70FF2C6E300626AD7 /* smallfn.h */,
				B01BDED80FF2C6E300626AD7 /* strfn.h */,
				B01BDED90FF2C6E300626AD7 /* strlist.h */,
				B01BDEDA0FF2C6E300626AD7 /* suballoc.h */,
				B01BDEDB0FF2C6E300626AD7 /* system.h */,
				B01BDEDC0FF2C6E300626AD7 /* timefn.h */,
				B01BDEDD0FF2C6E300626AD7 /* ulinks.h */,
				B01BDEDE0FF2C6E300626AD7 /* unicode.h */,
				B01BDEDF0FF2C6E300626AD7 /* unpack.h */,
				B01BDEE00FF2C6E300626AD7 /* version.h */,
				B01BDEE10FF2C6E300626AD7 /* volume.h */,
				B0A200290DB0B28A00C9BD5C /* smallfn.cpp */,
				B0A2FF6E0DB0B0A100C9BD5C /* archive.cpp */,
				B0A2FF700DB0B0A100C9BD5C /* arcread.cpp */,
				B0A2FF730DB0B0A100C9BD5C /* cmddata.cpp */,
				B0A2FF780DB0B0A100C9BD5C /* consio.cpp */,
				B0A2FF7A0DB0B0A100C9BD5C /* crc.cpp */,
				B0A2FF7C0DB0B0A100C9BD5C /* crypt.cpp */,
				B0A2FF810DB0B0A100C9BD5C /* encname.cpp */,
				B0A2FF830DB0B0A100C9BD5C /* errhnd.cpp */,
				B0A2FF850DB0B0A100C9BD5C /* extinfo.cpp */,
				B0A2FF870DB0B0A100C9BD5C /* extract.cpp */,
				B0A2FF890DB0B0A100C9BD5C /* filcreat.cpp */,
				B0A2FF8B0DB0B0A100C9BD5C /* file.cpp */,
				B0A2FF8D0DB0B0A100C9BD5C /* filefn.cpp */,
				B0A2FF8F0DB0B0A100C9BD5C /* filestr.cpp */,
				B0A2FF910DB0B0A100C9BD5C /* find.cpp */,
				B0A2FF930DB0B0A100C9BD5C /* getbits.cpp */,
				B0A2FF950DB0B0A100C9BD5C /* global.cpp */,
				B0A2FF9A0DB0B0A100C9BD5C /* isnt.cpp */,
				B0A2FF9C0DB0B0A100C9BD5C /* license.txt */,
				B0A2FF9D0DB0B0A100C9BD5C /* list.cpp */,
				B0A2FFA20DB0B0A100C9BD5C /* match.cpp */,
				B0A2FFA60DB0B0A100C9BD5C /* options.cpp */,
				B0A2FFAA0DB0B0A100C9BD5C /* pathfn.cpp */,
				B0A2FFB40DB0B0A100C9BD5C /* rarvm.cpp */,
				B0A2FFB70DB0B0A100C9BD5C /* rawread.cpp */,
				B0A2FFB90DB0B0A100C9BD5C /* rdwrfn.cpp */,
				B0A2FFBB0DB0B0A100C9BD5C /* readme.txt */,
				B0A2FFBC0DB0B0A100C9BD5C /* recvol.cpp */,
				B0A2FFBE0DB0B0A100C9BD5C /* resource.cpp */,
				B0A2FFC00DB0B0A100C9BD5C /* rijndael.cpp */,
				B0A2FFC20DB0B0A100C9BD5C /* rs.cpp */,
				B0A2FFC40DB0B0A100C9BD5C /* savepos.cpp */,
				B0A2FFC60DB0B0A100C9BD5C /* scantree.cpp */,
				B0A2FFC80DB0B0A100C9BD5C /* sha1.cpp */,
				B0A2FFCC0DB0B0A100C9BD5C /* strfn.cpp */,
				B0A2FFCE0DB0B0A100C9BD5C /* strlist.cpp */,
				B0A2FFD20DB0B0A100C9BD5C /* system.cpp */,
				B0A2FFD40DB0B0A100C9BD5C /* timefn.cpp */,
				B0A2FFD60DB0B0A100C9BD5C /* ulinks.cpp */,
				B0A2FFD80DB0B0A100C9BD5C /* unicode.cpp */,
				B0A2FFDB0DB0B0A100C9BD5C /* unpack.cpp */,
				B0A2FFDF0DB0B0A100C9BD5C /* unrar.cpp */,
				B0A2FFE00DB0B0A100C9BD5C /* unrar.h */,
				B0A2FFE30DB0B0A100C9BD5C /* volume.cpp */,
			);
			name = Unrar;
			sourceTree = "<group>";
		};
		B0B8E8B50BDB4D36007C1576 = {
			isa = PBXGroup;
			children = (
				B09B59330EAC2EF7003F4C0B /* CrissCross.xcodeproj */,
				B020F04F101A355E0040E736 /* Freetype2.xcodeproj */,
				B020ED7E101A262D0040E736 /* FTGL.xcodeproj */,
				B065FBBE10321F7B006D7A4F /* GLEW.xcodeproj */,
				B0B8E8C30BDB4D4C007C1576 /* App */,
				B0BD2DA00BE26FD000F71A26 /* Build */,
				B065FA851031FF98006D7A4F /* Data */,
				B020E4EB101A156B0040E736 /* Frameworks */,
				B0B8E8C80BDB4D5E007C1576 /* Game */,
				B0B8E8C90BDB4D64007C1576 /* Graphics */,
				B0B8E8CA0BDB4D68007C1576 /* Interface */,
				B0B8E8CB0BDB4D71007C1576 /* Network */,
				B0B8EA250BDB5832007C1576 /* Resources */,
				B0B8E8CD0BDB4D8A007C1576 /* Sound */,
				B0B8E8CC0BDB4D7F007C1576 /* World */,
				B0B8E9200BDB4E71007C1576 /* Products */,
				B0A2FF6C0DB0B05E00C9BD5C /* Unrar */,
				B0B8E9220BDB4E71007C1576 /* Cerberus-Info.plist */,
				B0B8E9190BDB4E51007C1576 /* cerberus.cpp */,
				B0BD2E130BE2745E00F71A26 /* SDLMain.h */,
				B0BD2E140BE2745E00F71A26 /* SDLMain.m */,
				B0B8E9170BDB4E49007C1576 /* universal_include.cpp */,
				B0B8E9180BDB4E49007C1576 /* universal_include.h */,
				B0B8E98B0BDB52A9007C1576 /* macosx.pch */,
			);
			sourceTree = "<group>";
		};
		B0B8E8C30BDB4D4C007C1576 /* App */ = {
			isa = PBXGroup;
			children = (
				B020F057101A359A0040E736 /* collide.cpp */,
				B020F058101A359A0040E736 /* collide.h */,
				B01BDEA60FF2C66B00626AD7 /* version.cpp */,
				B01BDEA70FF2C66B00626AD7 /* version.h */,
				B05708DE0DB219920071B5B7 /* debug_utils.cpp */,
				B05708DF0DB219920071B5B7 /* debug_utils.h */,
				B05708E00DB219920071B5B7 /* preferences.cpp */,
				B05708E10DB219920071B5B7 /* preferences.h */,
				B05708E20DB219920071B5B7 /* text_stream_readers.cpp */,
				B05708E30DB219920071B5B7 /* text_stream_readers.h */,
				B0A2FF620DB0AEEE00C9BD5C /* binary_stream_readers.cpp */,
				B0A2FF630DB0AEEE00C9BD5C /* binary_stream_readers.h */,
				B0A2FF640DB0AEEE00C9BD5C /* resource.cpp */,
				B0A2FF650DB0AEEE00C9BD5C /* resource.h */,
				B0B8E8CF0BDB4DDF007C1576 /* app.cpp */,
				B0B8E8D00BDB4DDF007C1576 /* app.h */,
				B04270260DA96C18005A0E89 /* databuffer.cpp */,
				B04270270DA96C18005A0E89 /* databuffer.h */,
				B0B8E8D10BDB4DDF007C1576 /* file_utils.cpp */,
				B0B8E8D20BDB4DDF007C1576 /* file_utils.h */,
				B0B8E8DB0BDB4DDF007C1576 /* string_utils.cpp */,
				B0B8E8DC0BDB4DDF007C1576 /* string_utils.h */,
			);
			name = App;
			sourceTree = "<group>";
		};
		B0B8E8C80BDB4D5E007C1576 /* Game */ = {
			isa = PBXGroup;
			children = (
				B0B8E8ED0BDB4E00007C1576 /* game.cpp */,
				B0B8E8EE0BDB4E00007C1576 /* game.h */,
			);
			name = Game;
			sourceTree = "<group>";
		};
		B0B8E8C90BDB4D64007C1576 /* Graphics */ = {
			isa = PBXGroup;
			children = (
				B0ED6F8410357A10008D004F /* Animation */,
				B019F7A0102F736D008A3A8A /* color.h */,
				B0F90D140F02E7BB005446D6 /* font.cpp */,
				B0F90D150F02E7BB005446D6 /* font.h */,
				B0F90D180F02E7BC005446D6 /* font_opengl.cpp */,
				B0F90D190F02E7BC005446D6 /* font_opengl.h */,
				B0B8E8FF0BDB4E0D007C1576 /* graphics.cpp */,
				B0B8E9000BDB4E0D007C1576 /* graphics.h */,
				490780CA0BDE747700504827 /* graphics_opengl.cpp */,
				490780C90BDE747700504827 /* graphics_opengl.h */,
				B087F3120DB98F08007568B9 /* surface.cpp */,
				B087F3130DB98F08007568B9 /* surface.h */,
				B04A58170DBDDA9F00A2F292 /* texture.cpp */,
				B04A58180DBDDA9F00A2F292 /* texture.h */,
				B0AC6D1D0DD2EE5100976666 /* texture_opengl.cpp */,
				B0AC6D1E0DD2EE5100976666 /* texture_opengl.h */,
				B04A58150DBDDA9F00A2F292 /* opengl.cpp */,
				B04A58160DBDDA9F00A2F292 /* opengl.h */,
			);
			name = Graphics;
			sourceTree = "<group>";
		};
		B0B8E8CA0BDB4D68007C1576 /* Interface */ = {
			isa = PBXGroup;
			children = (
				B05708F10DB219FF0071B5B7 /* error_window.cpp */,
				B05708F20DB219FF0071B5B7 /* error_window.h */,
				B0B8E9010BDB4E1A007C1576 /* button.cpp */,
				B0B8E9020BDB4E1A007C1576 /* button.h */,
				B0B8E9030BDB4E1A007C1576 /* inputwidget.cpp */,
				B0B8E9040BDB4E1A007C1576 /* inputwidget.h */,
				B0B8E9050BDB4E1A007C1576 /* interface.cpp */,
				B0B8E9060BDB4E1A007C1576 /* interface.h */,
				B0B8E90D0BDB4E1A007C1576 /* text.cpp */,
				B0B8E90E0BDB4E1A007C1576 /* text.h */,
				B0B8E90F0BDB4E1A007C1576 /* widget.cpp */,
				B0B8E9100BDB4E1A007C1576 /* widget.h */,
				B0B8E9110BDB4E1A007C1576 /* window.cpp */,
				B0B8E9120BDB4E1A007C1576 /* window.h */,
			);
			name = Interface;
			sourceTree = "<group>";
		};
		B0B8E8CB0BDB4D71007C1576 /* Network */ = {
			isa = PBXGroup;
			children = (
				B07EEE940BEEEA770005CD3D /* net_crisscross.cpp */,
				B07EEE950BEEEA770005CD3D /* net_crisscross.h */,
				B07EEE980BEEEA770005CD3D /* net.cpp */,
				B07EEE990BEEEA770005CD3D /* net.h */,
				B07EEE9A0BEEEA770005CD3D /* packet.cpp */,
				B07EEE9B0BEEEA770005CD3D /* packet.h */,
			);
			name = Network;
			sourceTree = "<group>";
		};
		B0B8E8CC0BDB4D7F007C1576 /* World */ = {
			isa = PBXGroup;
			children = (
			);
			name = World;
			sourceTree = "<group>";
		};
		B0B8E8CD0BDB4D8A007C1576 /* Sound */ = {
			isa = PBXGroup;
			children = (
				B0F90D110F02E7AA005446D6 /* soundsystem_null.cpp */,
				B0F90D120F02E7AA005446D6 /* soundsystem_null.h */,
				49B2FEC00BE3928500386500 /* soundsystem_sdlmixer.h */,
				49B2FEC10BE3928500386500 /* soundsystem_sdlmixer.cpp */,
				49B2FEC20BE3928500386500 /* soundsystem_openal.h */,
				49B2FEC30BE3928500386500 /* soundsystem_openal.cpp */,
				B0B8E9130BDB4E2E007C1576 /* soundsystem.cpp */,
				B0B8E9140BDB4E2E007C1576 /* soundsystem.h */,
			);
			name = Sound;
			sourceTree = "<group>";
		};
		B0B8E9200BDB4E71007C1576 /* Products */ = {
			isa = PBXGroup;
			children = (
				B0B8E91F0BDB4E71007C1576 /* Cerberus.app */,
			);
			name = Products;
			sourceTree = "<group>";
		};
		B0B8EA250BDB5832007C1576 /* Resources */ = {
			isa = PBXGroup;
			children = (
				B0A2002E0DB0B47A00C9BD5C /* cerberus.icns */,
			);
			name = Resources;
			sourceTree = "<group>";
		};
		B0BD2DA00BE26FD000F71A26 /* Build */ = {
			isa = PBXGroup;
			children = (
			);
			name = Build;
			sourceTree = "<group>";
		};
		B0ED6F8410357A10008D004F /* Animation */ = {
			isa = PBXGroup;
			children = (
				B0ED6F8510357A2F008D004F /* animation.cpp */,
				B0ED6F8610357A2F008D004F /* animation.h */,
				B0ED6F8710357A2F008D004F /* expirewidget.cpp */,
				B0ED6F8810357A2F008D004F /* expirewidget.h */,
				B0ED6F8910357A2F008D004F /* fade.cpp */,
				B0ED6F8A10357A2F008D004F /* fade.h */,
				B0ED6F8B10357A2F008D004F /* rotate.cpp */,
				B0ED6F8C10357A2F008D004F /* rotate.h */,
			);
			name = Animation;
			sourceTree = "<group>";
		};
/* End PBXGroup section */

/* Begin PBXNativeTarget section */
		B0B8E91E0BDB4E71007C1576 /* Cerberus */ = {
			isa = PBXNativeTarget;
			buildConfigurationList = B0B8E9230BDB4E72007C1576 /* Build configuration list for PBXNativeTarget "Cerberus" */;
			buildPhases = (
				B01BDE680FF2C43D00626AD7 /* GenerateBuildNumber */,
				B0B8E91B0BDB4E71007C1576 /* Resources */,
				B0B8E91C0BDB4E71007C1576 /* Sources */,
				B0B8E91D0BDB4E71007C1576 /* Frameworks */,
				B0B8ED040BDB6393007C1576 /* Copy Frameworks */,
			);
			buildRules = (
			);
			dependencies = (
				B09B593E0EAC2F23003F4C0B /* PBXTargetDependency */,
				B020F03B101A2B960040E736 /* PBXTargetDependency */,
				B065FBD810321FEB006D7A4F /* PBXTargetDependency */,
			);
			name = Cerberus;
			productName = Cerberus;
			productReference = B0B8E91F0BDB4E71007C1576 /* Cerberus.app */;
			productType = "com.apple.product-type.application";
		};
/* End PBXNativeTarget section */

/* Begin PBXProject section */
		B0B8E8B70BDB4D36007C1576 /* Project object */ = {
			isa = PBXProject;
			buildConfigurationList = B0B8E8B80BDB4D36007C1576 /* Build configuration list for PBXProject "Cerberus" */;
			compatibilityVersion = "Xcode 2.4";
			hasScannedForEncodings = 0;
			mainGroup = B0B8E8B50BDB4D36007C1576;
			productRefGroup = B0B8E9200BDB4E71007C1576 /* Products */;
			projectDirPath = "";
			projectReferences = (
				{
					ProductGroup = B09B59340EAC2EF7003F4C0B /* Products */;
					ProjectRef = B09B59330EAC2EF7003F4C0B /* CrissCross.xcodeproj */;
				},
				{
					ProductGroup = B020F050101A355E0040E736 /* Products */;
					ProjectRef = B020F04F101A355E0040E736 /* Freetype2.xcodeproj */;
				},
				{
					ProductGroup = B020ED7F101A262D0040E736 /* Products */;
					ProjectRef = B020ED7E101A262D0040E736 /* FTGL.xcodeproj */;
				},
				{
					ProductGroup = B065FBBF10321F7B006D7A4F /* Products */;
					ProjectRef = B065FBBE10321F7B006D7A4F /* GLEW.xcodeproj */;
				},
			);
			projectRoot = "";
			targets = (
				B0B8E91E0BDB4E71007C1576 /* Cerberus */,
			);
		};
/* End PBXProject section */

/* Begin PBXReferenceProxy section */
		B020EF86101A2B3F0040E736 /* libftgl-static.a */ = {
			isa = PBXReferenceProxy;
			fileType = archive.ar;
			path = "libftgl-static.a";
			remoteRef = B020EF85101A2B3F0040E736 /* PBXContainerItemProxy */;
			sourceTree = BUILT_PRODUCTS_DIR;
		};
		B020F054101A355E0040E736 /* libFreetype2.a */ = {
			isa = PBXReferenceProxy;
			fileType = archive.ar;
			path = libFreetype2.a;
			remoteRef = B020F053101A355E0040E736 /* PBXContainerItemProxy */;
			sourceTree = BUILT_PRODUCTS_DIR;
		};
		B065FBC610321F7B006D7A4F /* libGLEW.a */ = {
			isa = PBXReferenceProxy;
			fileType = archive.ar;
			path = libGLEW.a;
			remoteRef = B065FBC510321F7B006D7A4F /* PBXContainerItemProxy */;
			sourceTree = BUILT_PRODUCTS_DIR;
		};
		B09B593C0EAC2EF7003F4C0B /* libCrissCross Static.a */ = {
			isa = PBXReferenceProxy;
			fileType = archive.ar;
			path = "libCrissCross Static.a";
			remoteRef = B09B593B0EAC2EF7003F4C0B /* PBXContainerItemProxy */;
			sourceTree = BUILT_PRODUCTS_DIR;
		};
/* End PBXReferenceProxy section */

/* Begin PBXResourcesBuildPhase section */
		B0B8E91B0BDB4E71007C1576 /* Resources */ = {
			isa = PBXResourcesBuildPhase;
			buildActionMask = 2147483647;
			files = (
				B0A2002F0DB0B47A00C9BD5C /* cerberus.icns in Resources */,
				B065FA841031FF89006D7A4F /* data in Resources */,
			);
			runOnlyForDeploymentPostprocessing = 0;
		};
/* End PBXResourcesBuildPhase section */

/* Begin PBXShellScriptBuildPhase section */
		B01BDE680FF2C43D00626AD7 /* GenerateBuildNumber */ = {
			isa = PBXShellScriptBuildPhase;
			buildActionMask = 2147483647;
			files = (
			);
			inputPaths = (
			);
			name = GenerateBuildNumber;
			outputPaths = (
			);
			runOnlyForDeploymentPostprocessing = 0;
			shellPath = /bin/bash;
			shellScript = "#!/bin/bash\n\nsource ~/.bashrc\n\necho \"Generating build_number.h...\";\n\ncd \"$PROJECT_DIR/../..\"\n\"scripts/gen_buildnum_h.pl\" \"source/build_number.h\"";
		};
/* End PBXShellScriptBuildPhase section */

/* Begin PBXSourcesBuildPhase section */
		B0B8E91C0BDB4E71007C1576 /* Sources */ = {
			isa = PBXSourcesBuildPhase;
			buildActionMask = 2147483647;
			files = (
				B0B8E92C0BDB4F3A007C1576 /* app.cpp in Sources */,
				B0B8E92D0BDB4F59007C1576 /* cerberus.cpp in Sources */,
				B0B8E9300BDB4F5C007C1576 /* button.cpp in Sources */,
				B0B8E9320BDB4F61007C1576 /* file_utils.cpp in Sources */,
				B0B8E9330BDB4F63007C1576 /* game.cpp in Sources */,
				B0B8E9340BDB4F65007C1576 /* graphics.cpp in Sources */,
				B0B8E9380BDB4F69007C1576 /* inputwidget.cpp in Sources */,
				B0B8E9390BDB4F6B007C1576 /* interface.cpp in Sources */,
				B0B8E9450BDB4F7F007C1576 /* soundsystem.cpp in Sources */,
				B0B8E9480BDB4F82007C1576 /* string_utils.cpp in Sources */,
				B0B8E9490BDB4F83007C1576 /* text.cpp in Sources */,
				B0B8E94A0BDB4F84007C1576 /* universal_include.cpp in Sources */,
				B0B8E94C0BDB4F87007C1576 /* widget.cpp in Sources */,
				B0B8E94D0BDB4F87007C1576 /* window.cpp in Sources */,
				490780CC0BDE747700504827 /* graphics_opengl.cpp in Sources */,
				B0BD2E160BE2745E00F71A26 /* SDLMain.m in Sources */,
				49B2FEC50BE3928500386500 /* soundsystem_sdlmixer.cpp in Sources */,
				49B2FEC70BE3928500386500 /* soundsystem_openal.cpp in Sources */,
				B07EEE9E0BEEEA770005CD3D /* net_crisscross.cpp in Sources */,
				B07EEEA20BEEEA770005CD3D /* net.cpp in Sources */,
				B07EEEA40BEEEA770005CD3D /* packet.cpp in Sources */,
				B04270280DA96C18005A0E89 /* databuffer.cpp in Sources */,
				B0A2FF660DB0AEEE00C9BD5C /* binary_stream_readers.cpp in Sources */,
				B0A2FF670DB0AEEE00C9BD5C /* resource.cpp in Sources */,
				B0A2FFE60DB0B0A100C9BD5C /* archive.cpp in Sources */,
				B0A2FFE70DB0B0A100C9BD5C /* arcread.cpp in Sources */,
				B0A2FFE90DB0B0A100C9BD5C /* cmddata.cpp in Sources */,
				B0A2FFEB0DB0B0A100C9BD5C /* consio.cpp in Sources */,
				B0A2FFEC0DB0B0A100C9BD5C /* crc.cpp in Sources */,
				B0A2FFED0DB0B0A100C9BD5C /* crypt.cpp in Sources */,
				B0A2FFF00DB0B0A100C9BD5C /* encname.cpp in Sources */,
				B0A2FFF10DB0B0A100C9BD5C /* errhnd.cpp in Sources */,
				B0A2FFF20DB0B0A100C9BD5C /* extinfo.cpp in Sources */,
				B0A2FFF30DB0B0A100C9BD5C /* extract.cpp in Sources */,
				B0A2FFF40DB0B0A100C9BD5C /* filcreat.cpp in Sources */,
				B0A2FFF50DB0B0A100C9BD5C /* file.cpp in Sources */,
				B0A2FFF60DB0B0A100C9BD5C /* filefn.cpp in Sources */,
				B0A2FFF70DB0B0A100C9BD5C /* filestr.cpp in Sources */,
				B0A2FFF80DB0B0A100C9BD5C /* find.cpp in Sources */,
				B0A2FFF90DB0B0A100C9BD5C /* getbits.cpp in Sources */,
				B0A2FFFA0DB0B0A100C9BD5C /* global.cpp in Sources */,
				B0A2FFFC0DB0B0A100C9BD5C /* isnt.cpp in Sources */,
				B0A2FFFE0DB0B0A100C9BD5C /* list.cpp in Sources */,
				B0A200000DB0B0A100C9BD5C /* match.cpp in Sources */,
				B0A200020DB0B0A100C9BD5C /* options.cpp in Sources */,
				B0A200040DB0B0A100C9BD5C /* pathfn.cpp in Sources */,
				B0A200060DB0B0A100C9BD5C /* rarvm.cpp in Sources */,
				B0A200080DB0B0A100C9BD5C /* rawread.cpp in Sources */,
				B0A200090DB0B0A100C9BD5C /* rdwrfn.cpp in Sources */,
				B0A2000B0DB0B0A100C9BD5C /* recvol.cpp in Sources */,
				B0A2000C0DB0B0A100C9BD5C /* resource.cpp in Sources */,
				B0A2000D0DB0B0A100C9BD5C /* rijndael.cpp in Sources */,
				B0A2000E0DB0B0A100C9BD5C /* rs.cpp in Sources */,
				B0A2000F0DB0B0A100C9BD5C /* savepos.cpp in Sources */,
				B0A200100DB0B0A100C9BD5C /* scantree.cpp in Sources */,
				B0A200110DB0B0A100C9BD5C /* sha1.cpp in Sources */,
				B0A200130DB0B0A100C9BD5C /* strfn.cpp in Sources */,
				B0A200140DB0B0A100C9BD5C /* strlist.cpp in Sources */,
				B0A200160DB0B0A100C9BD5C /* system.cpp in Sources */,
				B0A200170DB0B0A100C9BD5C /* timefn.cpp in Sources */,
				B0A200180DB0B0A100C9BD5C /* ulinks.cpp in Sources */,
				B0A200190DB0B0A100C9BD5C /* unicode.cpp in Sources */,
				B0A2001B0DB0B0A100C9BD5C /* unpack.cpp in Sources */,
				B0A2001E0DB0B0A100C9BD5C /* unrar.cpp in Sources */,
				B0A200200DB0B0A100C9BD5C /* volume.cpp in Sources */,
				B0A2002B0DB0B28A00C9BD5C /* smallfn.cpp in Sources */,
				B05708E40DB219920071B5B7 /* debug_utils.cpp in Sources */,
				B05708E50DB219920071B5B7 /* preferences.cpp in Sources */,
				B05708E60DB219920071B5B7 /* text_stream_readers.cpp in Sources */,
				B05708F40DB219FF0071B5B7 /* error_window.cpp in Sources */,
				B087F3140DB98F08007568B9 /* surface.cpp in Sources */,
				B04A58190DBDDA9F00A2F292 /* opengl.cpp in Sources */,
				B04A581A0DBDDA9F00A2F292 /* texture.cpp in Sources */,
				B0AC6D210DD2EE5100976666 /* texture_opengl.cpp in Sources */,
				B0F90D130F02E7AA005446D6 /* soundsystem_null.cpp in Sources */,
				B0F90D1A0F02E7BC005446D6 /* font.cpp in Sources */,
				B0F90D1C0F02E7BC005446D6 /* font_opengl.cpp in Sources */,
				B01BDEA80FF2C66B00626AD7 /* version.cpp in Sources */,
				B020F059101A359A0040E736 /* collide.cpp in Sources */,
				B0ED6F8D10357A2F008D004F /* animation.cpp in Sources */,
				B0ED6F8E10357A2F008D004F /* expirewidget.cpp in Sources */,
				B0ED6F8F10357A2F008D004F /* fade.cpp in Sources */,
				B0ED6F9010357A2F008D004F /* rotate.cpp in Sources */,
			);
			runOnlyForDeploymentPostprocessing = 0;
		};
/* End PBXSourcesBuildPhase section */

/* Begin PBXTargetDependency section */
		B020F03B101A2B960040E736 /* PBXTargetDependency */ = {
			isa = PBXTargetDependency;
			name = "ftgl-static";
			targetProxy = B020F03A101A2B960040E736 /* PBXContainerItemProxy */;
		};
		B065FBD810321FEB006D7A4F /* PBXTargetDependency */ = {
			isa = PBXTargetDependency;
			name = GLEW;
			targetProxy = B065FBD710321FEB006D7A4F /* PBXContainerItemProxy */;
		};
		B09B593E0EAC2F23003F4C0B /* PBXTargetDependency */ = {
			isa = PBXTargetDependency;
			name = "CrissCross Static";
			targetProxy = B09B593D0EAC2F23003F4C0B /* PBXContainerItemProxy */;
		};
/* End PBXTargetDependency section */

/* Begin XCBuildConfiguration section */
		B0B8E8B90BDB4D36007C1576 /* Debug */ = {
			isa = XCBuildConfiguration;
			buildSettings = {
				ARCHS = "$(NATIVE_ARCH)";
				COPY_PHASE_STRIP = NO;
				EXCLUDED_RECURSIVE_SEARCH_PATH_SUBDIRECTORIES = "*.nib *.lproj *.framework *.gch *.xcode* (*) CVS .svn .git";
				GCC_PRECOMPILE_PREFIX_HEADER = YES;
				GCC_PREFIX_HEADER = ../../source/macosx.pch;
				GCC_VERSION = 4.0;
				HEADER_SEARCH_PATHS = (
					"$(PROJECT_DIR)/../../source",
					"$(PROJECT_DIR)/../../contrib/crisscross/source",
					"$(PROJECT_DIR)/../../contrib/unrar",
					"$(PROJECT_DIR)/../../contrib/glew/include",
					"$(PROJECT_DIR)/../../contrib/OpenGL/include/",
					"$(PROJECT_DIR)/../../contrib/FTGL/src",
					"$(PROJECT_DIR)/../../contrib/freetype/include",
					"$(PROJECT_DIR)/../../contrib/freetype/builds/mac/Xcode",
					/Library/Frameworks/SDL.framework/Headers,
					/Library/Frameworks/SDL_mixer.framework/Headers,
					/Library/Frameworks/SDL_image.framework/Headers,
				);
				MACOSX_DEPLOYMENT_TARGET_i386 = 10.4;
				MACOSX_DEPLOYMENT_TARGET_ppc = 10.4;
				MACOSX_DEPLOYMENT_TARGET_ppc64 = 10.4;
				MACOSX_DEPLOYMENT_TARGET_x86_64 = 10.4;
				OTHER_CPLUSPLUSFLAGS = (
					"$(OTHER_CFLAGS)",
					"-std=gnu++98",
				);
				SDKROOT = /Developer/SDKs/MacOSX10.4u.sdk;
				SDKROOT_i386 = /Developer/SDKs/MacOSX10.4u.sdk;
				SDKROOT_ppc = /Developer/SDKs/MacOSX10.4u.sdk;
				SDKROOT_ppc64 = /Developer/SDKs/MacOSX10.4u.sdk;
				SDKROOT_x86_64 = /Developer/SDKs/MacOSX10.4u.sdk;
			};
			name = Debug;
		};
		B0B8E8BA0BDB4D36007C1576 /* Release */ = {
			isa = XCBuildConfiguration;
			buildSettings = {
				ARCHS = (
					i386,
					ppc,
				);
				COPY_PHASE_STRIP = NO;
				EXCLUDED_RECURSIVE_SEARCH_PATH_SUBDIRECTORIES = "*.nib *.lproj *.framework *.gch *.xcode* (*) CVS .svn .git";
				GCC_PRECOMPILE_PREFIX_HEADER = YES;
				GCC_PREFIX_HEADER = ../../source/macosx.pch;
				GCC_VERSION = 4.0;
				HEADER_SEARCH_PATHS = (
					"$(PROJECT_DIR)/../../source",
					"$(PROJECT_DIR)/../../contrib/crisscross/source",
					"$(PROJECT_DIR)/../../contrib/unrar",
					"$(PROJECT_DIR)/../../contrib/glew/include",
					"$(PROJECT_DIR)/../../contrib/OpenGL/include/",
					"$(PROJECT_DIR)/../../contrib/FTGL/src",
					"$(PROJECT_DIR)/../../contrib/freetype/include",
					"$(PROJECT_DIR)/../../contrib/freetype/builds/mac/Xcode",
					/Library/Frameworks/SDL.framework/Headers,
					/Library/Frameworks/SDL_mixer.framework/Headers,
					/Library/Frameworks/SDL_image.framework/Headers,
				);
				MACOSX_DEPLOYMENT_TARGET_i386 = 10.4;
				MACOSX_DEPLOYMENT_TARGET_ppc = 10.4;
				MACOSX_DEPLOYMENT_TARGET_ppc64 = 10.4;
				MACOSX_DEPLOYMENT_TARGET_x86_64 = 10.4;
				OTHER_CPLUSPLUSFLAGS = (
					"$(OTHER_CFLAGS)",
					"-std=gnu++98",
				);
				SDKROOT = /Developer/SDKs/MacOSX10.4u.sdk;
				SDKROOT_i386 = /Developer/SDKs/MacOSX10.4u.sdk;
				SDKROOT_ppc = /Developer/SDKs/MacOSX10.4u.sdk;
				SDKROOT_ppc64 = /Developer/SDKs/MacOSX10.4u.sdk;
				SDKROOT_x86_64 = /Developer/SDKs/MacOSX10.4u.sdk;
			};
			name = Release;
		};
		B0B8E9240BDB4E72007C1576 /* Debug */ = {
			isa = XCBuildConfiguration;
			buildSettings = {
				COPY_PHASE_STRIP = NO;
				FRAMEWORK_SEARCH_PATHS = (
					"$(inherited)",
					"$(FRAMEWORK_SEARCH_PATHS_QUOTED_FOR_TARGET_1)",
					"$(FRAMEWORK_SEARCH_PATHS_QUOTED_FOR_TARGET_2)",
				);
				FRAMEWORK_SEARCH_PATHS_QUOTED_1 = "\"$(SRCROOT)/../../contrib\"";
				FRAMEWORK_SEARCH_PATHS_QUOTED_FOR_TARGET_1 = "\"$(SYSTEM_LIBRARY_DIR)/PrivateFrameworks\"";
				FRAMEWORK_SEARCH_PATHS_QUOTED_FOR_TARGET_2 = "\"$(SYSTEM_LIBRARY_DIR)/PrivateFrameworks\"";
				GCC_C_LANGUAGE_STANDARD = c99;
				GCC_DYNAMIC_NO_PIC = NO;
				GCC_ENABLE_FIX_AND_CONTINUE = YES;
				GCC_GENERATE_DEBUGGING_SYMBOLS = YES;
				GCC_MODEL_TUNING = G5;
				GCC_OPTIMIZATION_LEVEL = 0;
				GCC_WARN_PEDANTIC = YES;
				INFOPLIST_FILE = "Cerberus-Info.plist";
				INSTALL_PATH = "$(HOME)/Applications";
				LIBRARY_SEARCH_PATHS = (
					"$(inherited)",
					"$(LIBRARY_SEARCH_PATHS_QUOTED_1)",
					"$(LIBRARY_SEARCH_PATHS_QUOTED_FOR_TARGET_1)",
				);
				LIBRARY_SEARCH_PATHS_QUOTED_1 = "\"$(SRCROOT)/../../contrib/CrissCross/xcode/build/Release\"";
				LIBRARY_SEARCH_PATHS_QUOTED_FOR_TARGET_1 = "\"$(SRCROOT)/../../contrib/FTGL/FTGL/build/Release\"";
				OTHER_LDFLAGS = (
					"-framework",
					Carbon,
					"-framework",
					SDL,
					"-framework",
					SDL_image,
					"-framework",
					SDL_mixer,
				);
				PREBINDING = NO;
				PRODUCT_NAME = Cerberus;
				USER_HEADER_SEARCH_PATHS = "\"$(SRCROOT)/../../source\" \"$(SRCROOT)/../../contrib/SDL_image.framework/Headers\" \"$(SRCROOT)/../../contrib/SDL.framework/Headers\" \"$(SRCROOT)/../../contrib/SDL_mixer.framework/Headers\"";
				WARNING_CFLAGS = (
					"-Wall",
					"-Wno-long-long",
				);
				WRAPPER_EXTENSION = app;
			};
			name = Debug;
		};
		B0B8E9250BDB4E72007C1576 /* Release */ = {
			isa = XCBuildConfiguration;
			buildSettings = {
				FRAMEWORK_SEARCH_PATHS = (
					"$(inherited)",
					"$(FRAMEWORK_SEARCH_PATHS_QUOTED_1)",
					"$(FRAMEWORK_SEARCH_PATHS_QUOTED_FOR_TARGET_1)",
					"$(FRAMEWORK_SEARCH_PATHS_QUOTED_FOR_TARGET_2)",
				);
				FRAMEWORK_SEARCH_PATHS_QUOTED_1 = "\"$(SRCROOT)/../../contrib\"";
				FRAMEWORK_SEARCH_PATHS_QUOTED_FOR_TARGET_1 = "\"$(SYSTEM_LIBRARY_DIR)/PrivateFrameworks\"";
				FRAMEWORK_SEARCH_PATHS_QUOTED_FOR_TARGET_2 = "\"$(SYSTEM_LIBRARY_DIR)/PrivateFrameworks\"";
				GCC_C_LANGUAGE_STANDARD = c99;
				GCC_ENABLE_FIX_AND_CONTINUE = NO;
				GCC_GENERATE_DEBUGGING_SYMBOLS = NO;
				GCC_MODEL_TUNING = G5;
				GCC_OPTIMIZATION_LEVEL = 3;
				GCC_WARN_PEDANTIC = YES;
				INFOPLIST_FILE = "Cerberus-Info.plist";
				INSTALL_PATH = "$(HOME)/Applications";
				LIBRARY_SEARCH_PATHS = (
					"$(inherited)",
					"$(LIBRARY_SEARCH_PATHS_QUOTED_1)",
					"$(LIBRARY_SEARCH_PATHS_QUOTED_FOR_TARGET_1)",
				);
				LIBRARY_SEARCH_PATHS_QUOTED_1 = "\"$(SRCROOT)/../../contrib/CrissCross/xcode/build/Release\"";
				LIBRARY_SEARCH_PATHS_QUOTED_FOR_TARGET_1 = "\"$(SRCROOT)/../../contrib/FTGL/FTGL/build/Release\"";
				OTHER_LDFLAGS = (
					"-framework",
					Carbon,
					"-framework",
					SDL,
					"-framework",
					SDL_image,
					"-framework",
					SDL_mixer,
				);
				PREBINDING = NO;
				PRODUCT_NAME = Cerberus;
				USER_HEADER_SEARCH_PATHS = "\"$(SRCROOT)/../../source\" \"$(SRCROOT)/../../contrib/SDL_image.framework/Headers\" \"$(SRCROOT)/../../contrib/SDL.framework/Headers\" \"$(SRCROOT)/../../contrib/SDL_mixer.framework/Headers\"";
				WARNING_CFLAGS = (
					"-Wall",
					"-Wno-long-long",
				);
				WRAPPER_EXTENSION = app;
				ZERO_LINK = NO;
			};
			name = Release;
		};
/* End XCBuildConfiguration section */

/* Begin XCConfigurationList section */
		B0B8E8B80BDB4D36007C1576 /* Build configuration list for PBXProject "Cerberus" */ = {
			isa = XCConfigurationList;
			buildConfigurations = (
				B0B8E8B90BDB4D36007C1576 /* Debug */,
				B0B8E8BA0BDB4D36007C1576 /* Release */,
			);
			defaultConfigurationIsVisible = 0;
			defaultConfigurationName = Release;
		};
		B0B8E9230BDB4E72007C1576 /* Build configuration list for PBXNativeTarget "Cerberus" */ = {
			isa = XCConfigurationList;
			buildConfigurations = (
				B0B8E9240BDB4E72007C1576 /* Debug */,
				B0B8E9250BDB4E72007C1576 /* Release */,
			);
			defaultConfigurationIsVisible = 0;
			defaultConfigurationName = Release;
		};
/* End XCConfigurationList section */
	};
	rootObject = B0B8E8B70BDB4D36007C1576 /* Project object */;
}
