
Microsoft Visual Studio Solution File, Format Version 9.00
# Visual Studio 2005
Project("{8BC9CEB8-8B4A-11D0-8D11-00A0C91BC942}") = "Cerberus", "Cerberus_2005.vcproj", "{222AA662-C3B2-411A-97EB-4267536DEEFF}"
	ProjectSection(ProjectDependencies) = postProject
		{D41B6899-77A7-4CB8-B739-BE29475EF864} = {D41B6899-77A7-4CB8-B739-BE29475EF864}
	EndProjectSection
EndProject
Project("{8BC9CEB8-8B4A-11D0-8D11-00A0C91BC942}") = "CrissCross", "..\..\contrib\crisscross\targets\vs2005\CrissCross.vcproj", "{D41B6899-77A7-4CB8-B739-BE29475EF864}"
EndProject
Global
	GlobalSection(SolutionConfigurationPlatforms) = preSolution
		Debug|Win32 = Debug|Win32
		Debug|x64 = Debug|x64
		Release Stripped|Win32 = Release Stripped|Win32
		Release Stripped|x64 = Release Stripped|x64
		Release|Win32 = Release|Win32
		Release|x64 = Release|x64
	EndGlobalSection
	GlobalSection(ProjectConfigurationPlatforms) = postSolution
		{222AA662-C3B2-411A-97EB-4267536DEEFF}.Debug|Win32.ActiveCfg = Debug|Win32
		{222AA662-C3B2-411A-97EB-4267536DEEFF}.Debug|Win32.Build.0 = Debug|Win32
		{222AA662-C3B2-411A-97EB-4267536DEEFF}.Debug|x64.ActiveCfg = Debug|x64
		{222AA662-C3B2-411A-97EB-4267536DEEFF}.Debug|x64.Build.0 = Debug|x64
		{222AA662-C3B2-411A-97EB-4267536DEEFF}.Release Stripped|Win32.ActiveCfg = Release Stripped|Win32
		{222AA662-C3B2-411A-97EB-4267536DEEFF}.Release Stripped|Win32.Build.0 = Release Stripped|Win32
		{222AA662-C3B2-411A-97EB-4267536DEEFF}.Release Stripped|x64.ActiveCfg = Release Stripped|x64
		{222AA662-C3B2-411A-97EB-4267536DEEFF}.Release Stripped|x64.Build.0 = Release Stripped|x64
		{222AA662-C3B2-411A-97EB-4267536DEEFF}.Release|Win32.ActiveCfg = Release|Win32
		{222AA662-C3B2-411A-97EB-4267536DEEFF}.Release|Win32.Build.0 = Release|Win32
		{222AA662-C3B2-411A-97EB-4267536DEEFF}.Release|x64.ActiveCfg = Release|x64
		{222AA662-C3B2-411A-97EB-4267536DEEFF}.Release|x64.Build.0 = Release|x64
		{D41B6899-77A7-4CB8-B739-BE29475EF864}.Debug|Win32.ActiveCfg = Debug|Win32
		{D41B6899-77A7-4CB8-B739-BE29475EF864}.Debug|Win32.Build.0 = Debug|Win32
		{D41B6899-77A7-4CB8-B739-BE29475EF864}.Debug|x64.ActiveCfg = Debug|x64
		{D41B6899-77A7-4CB8-B739-BE29475EF864}.Debug|x64.Build.0 = Debug|x64
		{D41B6899-77A7-4CB8-B739-BE29475EF864}.Release Stripped|Win32.ActiveCfg = Release|Win32
		{D41B6899-77A7-4CB8-B739-BE29475EF864}.Release Stripped|Win32.Build.0 = Release|Win32
		{D41B6899-77A7-4CB8-B739-BE29475EF864}.Release Stripped|x64.ActiveCfg = Release|x64
		{D41B6899-77A7-4CB8-B739-BE29475EF864}.Release Stripped|x64.Build.0 = Release|x64
		{D41B6899-77A7-4CB8-B739-BE29475EF864}.Release|Win32.ActiveCfg = Release|Win32
		{D41B6899-77A7-4CB8-B739-BE29475EF864}.Release|Win32.Build.0 = Release|Win32
		{D41B6899-77A7-4CB8-B739-BE29475EF864}.Release|x64.ActiveCfg = Release|x64
		{D41B6899-77A7-4CB8-B739-BE29475EF864}.Release|x64.Build.0 = Release|x64
	EndGlobalSection
	GlobalSection(SolutionProperties) = preSolution
		HideSolutionNode = FALSE
	EndGlobalSection
	GlobalSection(DPCodeReviewSolutionGUID) = preSolution
		DPCodeReviewSolutionGUID = {00000000-0000-0000-0000-000000000000}
	EndGlobalSection
EndGlobal
